// !$*UTF8*$!
{
	archiveVersion = 1;
	classes = {
	};
	objectVersion = 46;
	objects = {

/* Begin PBXBuildFile section */
		563F07AB1DDA232100941467 /* AppDelegate.swift in Sources */ = {isa = PBXBuildFile; fileRef = 563F07AA1DDA232100941467 /* AppDelegate.swift */; };
		563F07AD1DDA232200941467 /* LandingViewController.swift in Sources */ = {isa = PBXBuildFile; fileRef = 563F07AC1DDA232200941467 /* LandingViewController.swift */; };
		563F07B31DDA232200941467 /* Flatiron_Group_Project.xcdatamodeld in Sources */ = {isa = PBXBuildFile; fileRef = 563F07B11DDA232200941467 /* Flatiron_Group_Project.xcdatamodeld */; };
		563F07B51DDA232200941467 /* Assets.xcassets in Resources */ = {isa = PBXBuildFile; fileRef = 563F07B41DDA232200941467 /* Assets.xcassets */; };
		563F07B81DDA232200941467 /* LaunchScreen.storyboard in Resources */ = {isa = PBXBuildFile; fileRef = 563F07B61DDA232200941467 /* LaunchScreen.storyboard */; };
		563F07C31DDA232200941467 /* Flatiron_Group_ProjectTests.swift in Sources */ = {isa = PBXBuildFile; fileRef = 563F07C21DDA232200941467 /* Flatiron_Group_ProjectTests.swift */; };
		563F07CE1DDA232200941467 /* Flatiron_Group_ProjectUITests.swift in Sources */ = {isa = PBXBuildFile; fileRef = 563F07CD1DDA232200941467 /* Flatiron_Group_ProjectUITests.swift */; };
		B5D2DD6B1DDA48F9001F2CCE /* Main.storyboard in Resources */ = {isa = PBXBuildFile; fileRef = B5D2DD6A1DDA48F9001F2CCE /* Main.storyboard */; };
		B5D2DD6D1DDA50E9001F2CCE /* SearchViewController.swift in Sources */ = {isa = PBXBuildFile; fileRef = B5D2DD6C1DDA50E9001F2CCE /* SearchViewController.swift */; };
		B5D2DD6F1DDA50F3001F2CCE /* MapViewController.swift in Sources */ = {isa = PBXBuildFile; fileRef = B5D2DD6E1DDA50F3001F2CCE /* MapViewController.swift */; };
		B5D2DD711DDA50FD001F2CCE /* MarketInfoViewController.swift in Sources */ = {isa = PBXBuildFile; fileRef = B5D2DD701DDA50FD001F2CCE /* MarketInfoViewController.swift */; };
		B5D2DD731DDA51ED001F2CCE /* Market.swift in Sources */ = {isa = PBXBuildFile; fileRef = B5D2DD721DDA51ED001F2CCE /* Market.swift */; };
		B5D2DD781DDA5550001F2CCE /* MarketInfoView.swift in Sources */ = {isa = PBXBuildFile; fileRef = B5D2DD771DDA5550001F2CCE /* MarketInfoView.swift */; };
		C34FD6E01DDA5F560096535D /* SearchView.swift in Sources */ = {isa = PBXBuildFile; fileRef = C34FD6DF1DDA5F560096535D /* SearchView.swift */; };
		C3C658DE1DDBB9E200C7B533 /* Parser.swift in Sources */ = {isa = PBXBuildFile; fileRef = C3C658DD1DDBB9E200C7B533 /* Parser.swift */; };
/* End PBXBuildFile section */

/* Begin PBXContainerItemProxy section */
		563F07BF1DDA232200941467 /* PBXContainerItemProxy */ = {
			isa = PBXContainerItemProxy;
			containerPortal = 563F079F1DDA232100941467 /* Project object */;
			proxyType = 1;
			remoteGlobalIDString = 563F07A61DDA232100941467;
			remoteInfo = "Flatiron Group Project";
		};
		563F07CA1DDA232200941467 /* PBXContainerItemProxy */ = {
			isa = PBXContainerItemProxy;
			containerPortal = 563F079F1DDA232100941467 /* Project object */;
			proxyType = 1;
			remoteGlobalIDString = 563F07A61DDA232100941467;
			remoteInfo = "Flatiron Group Project";
		};
/* End PBXContainerItemProxy section */

/* Begin PBXFileReference section */
		563F07A71DDA232100941467 /* Flatiron Group Project.app */ = {isa = PBXFileReference; explicitFileType = wrapper.application; includeInIndex = 0; path = "Flatiron Group Project.app"; sourceTree = BUILT_PRODUCTS_DIR; };
		563F07AA1DDA232100941467 /* AppDelegate.swift */ = {isa = PBXFileReference; lastKnownFileType = sourcecode.swift; path = AppDelegate.swift; sourceTree = "<group>"; };
		563F07AC1DDA232200941467 /* LandingViewController.swift */ = {isa = PBXFileReference; lastKnownFileType = sourcecode.swift; path = LandingViewController.swift; sourceTree = "<group>"; };
		563F07B21DDA232200941467 /* Flatiron_Group_Project.xcdatamodel */ = {isa = PBXFileReference; lastKnownFileType = wrapper.xcdatamodel; path = Flatiron_Group_Project.xcdatamodel; sourceTree = "<group>"; };
		563F07B41DDA232200941467 /* Assets.xcassets */ = {isa = PBXFileReference; lastKnownFileType = folder.assetcatalog; path = Assets.xcassets; sourceTree = "<group>"; };
		563F07B71DDA232200941467 /* Base */ = {isa = PBXFileReference; lastKnownFileType = file.storyboard; name = Base; path = Base.lproj/LaunchScreen.storyboard; sourceTree = "<group>"; };
		563F07B91DDA232200941467 /* Info.plist */ = {isa = PBXFileReference; lastKnownFileType = text.plist.xml; path = Info.plist; sourceTree = "<group>"; };
		563F07BE1DDA232200941467 /* Flatiron Group ProjectTests.xctest */ = {isa = PBXFileReference; explicitFileType = wrapper.cfbundle; includeInIndex = 0; path = "Flatiron Group ProjectTests.xctest"; sourceTree = BUILT_PRODUCTS_DIR; };
		563F07C21DDA232200941467 /* Flatiron_Group_ProjectTests.swift */ = {isa = PBXFileReference; lastKnownFileType = sourcecode.swift; path = Flatiron_Group_ProjectTests.swift; sourceTree = "<group>"; };
		563F07C41DDA232200941467 /* Info.plist */ = {isa = PBXFileReference; lastKnownFileType = text.plist.xml; path = Info.plist; sourceTree = "<group>"; };
		563F07C91DDA232200941467 /* Flatiron Group ProjectUITests.xctest */ = {isa = PBXFileReference; explicitFileType = wrapper.cfbundle; includeInIndex = 0; path = "Flatiron Group ProjectUITests.xctest"; sourceTree = BUILT_PRODUCTS_DIR; };
		563F07CD1DDA232200941467 /* Flatiron_Group_ProjectUITests.swift */ = {isa = PBXFileReference; lastKnownFileType = sourcecode.swift; path = Flatiron_Group_ProjectUITests.swift; sourceTree = "<group>"; };
		563F07CF1DDA232200941467 /* Info.plist */ = {isa = PBXFileReference; lastKnownFileType = text.plist.xml; path = Info.plist; sourceTree = "<group>"; };
		B5D2DD6A1DDA48F9001F2CCE /* Main.storyboard */ = {isa = PBXFileReference; fileEncoding = 4; lastKnownFileType = file.storyboard; path = Main.storyboard; sourceTree = "<group>"; };
		B5D2DD6C1DDA50E9001F2CCE /* SearchViewController.swift */ = {isa = PBXFileReference; fileEncoding = 4; lastKnownFileType = sourcecode.swift; path = SearchViewController.swift; sourceTree = "<group>"; };
		B5D2DD6E1DDA50F3001F2CCE /* MapViewController.swift */ = {isa = PBXFileReference; fileEncoding = 4; lastKnownFileType = sourcecode.swift; path = MapViewController.swift; sourceTree = "<group>"; };
		B5D2DD701DDA50FD001F2CCE /* MarketInfoViewController.swift */ = {isa = PBXFileReference; fileEncoding = 4; lastKnownFileType = sourcecode.swift; path = MarketInfoViewController.swift; sourceTree = "<group>"; };
		B5D2DD721DDA51ED001F2CCE /* Market.swift */ = {isa = PBXFileReference; fileEncoding = 4; lastKnownFileType = sourcecode.swift; path = Market.swift; sourceTree = "<group>"; };
		B5D2DD771DDA5550001F2CCE /* MarketInfoView.swift */ = {isa = PBXFileReference; fileEncoding = 4; lastKnownFileType = sourcecode.swift; path = MarketInfoView.swift; sourceTree = "<group>"; };
		C34FD6DF1DDA5F560096535D /* SearchView.swift */ = {isa = PBXFileReference; fileEncoding = 4; lastKnownFileType = sourcecode.swift; path = SearchView.swift; sourceTree = "<group>"; };
		C3C658DD1DDBB9E200C7B533 /* Parser.swift */ = {isa = PBXFileReference; fileEncoding = 4; lastKnownFileType = sourcecode.swift; path = Parser.swift; sourceTree = "<group>"; };
/* End PBXFileReference section */

/* Begin PBXFrameworksBuildPhase section */
		563F07A41DDA232100941467 /* Frameworks */ = {
			isa = PBXFrameworksBuildPhase;
			buildActionMask = 2147483647;
			files = (
			);
			runOnlyForDeploymentPostprocessing = 0;
		};
		563F07BB1DDA232200941467 /* Frameworks */ = {
			isa = PBXFrameworksBuildPhase;
			buildActionMask = 2147483647;
			files = (
			);
			runOnlyForDeploymentPostprocessing = 0;
		};
		563F07C61DDA232200941467 /* Frameworks */ = {
			isa = PBXFrameworksBuildPhase;
			buildActionMask = 2147483647;
			files = (
			);
			runOnlyForDeploymentPostprocessing = 0;
		};
/* End PBXFrameworksBuildPhase section */

/* Begin PBXGroup section */
		563F079E1DDA232100941467 = {
			isa = PBXGroup;
			children = (
				563F07A91DDA232100941467 /* Flatiron Group Project */,
				563F07C11DDA232200941467 /* Flatiron Group ProjectTests */,
				563F07CC1DDA232200941467 /* Flatiron Group ProjectUITests */,
				563F07A81DDA232100941467 /* Products */,
			);
			sourceTree = "<group>";
		};
		563F07A81DDA232100941467 /* Products */ = {
			isa = PBXGroup;
			children = (
				563F07A71DDA232100941467 /* Flatiron Group Project.app */,
				563F07BE1DDA232200941467 /* Flatiron Group ProjectTests.xctest */,
				563F07C91DDA232200941467 /* Flatiron Group ProjectUITests.xctest */,
			);
			name = Products;
			sourceTree = "<group>";
		};
		563F07A91DDA232100941467 /* Flatiron Group Project */ = {
			isa = PBXGroup;
			children = (
				B5D2DD761DDA524D001F2CCE /* Controller */,
				B5D2DD751DDA5240001F2CCE /* View */,
				B5D2DD741DDA5237001F2CCE /* Model */,
				563F07AA1DDA232100941467 /* AppDelegate.swift */,
				B5D2DD6A1DDA48F9001F2CCE /* Main.storyboard */,
				563F07B41DDA232200941467 /* Assets.xcassets */,
				563F07B61DDA232200941467 /* LaunchScreen.storyboard */,
				563F07B91DDA232200941467 /* Info.plist */,
			);
			path = "Flatiron Group Project";
			sourceTree = "<group>";
		};
		563F07C11DDA232200941467 /* Flatiron Group ProjectTests */ = {
			isa = PBXGroup;
			children = (
				563F07C21DDA232200941467 /* Flatiron_Group_ProjectTests.swift */,
				563F07C41DDA232200941467 /* Info.plist */,
			);
			path = "Flatiron Group ProjectTests";
			sourceTree = "<group>";
		};
		563F07CC1DDA232200941467 /* Flatiron Group ProjectUITests */ = {
			isa = PBXGroup;
			children = (
				563F07CD1DDA232200941467 /* Flatiron_Group_ProjectUITests.swift */,
				563F07CF1DDA232200941467 /* Info.plist */,
			);
			path = "Flatiron Group ProjectUITests";
			sourceTree = "<group>";
		};
		B5D2DD741DDA5237001F2CCE /* Model */ = {
			isa = PBXGroup;
			children = (
				563F07B11DDA232200941467 /* Flatiron_Group_Project.xcdatamodeld */,
				B5D2DD721DDA51ED001F2CCE /* Market.swift */,
				C3C658DD1DDBB9E200C7B533 /* Parser.swift */,
			);
			name = Model;
			sourceTree = "<group>";
		};
		B5D2DD751DDA5240001F2CCE /* View */ = {
			isa = PBXGroup;
			children = (
				B5D2DD771DDA5550001F2CCE /* MarketInfoView.swift */,
				C34FD6DF1DDA5F560096535D /* SearchView.swift */,
			);
			name = View;
			sourceTree = "<group>";
		};
		B5D2DD761DDA524D001F2CCE /* Controller */ = {
			isa = PBXGroup;
			children = (
				B5D2DD701DDA50FD001F2CCE /* MarketInfoViewController.swift */,
				B5D2DD6E1DDA50F3001F2CCE /* MapViewController.swift */,
				B5D2DD6C1DDA50E9001F2CCE /* SearchViewController.swift */,
				563F07AC1DDA232200941467 /* LandingViewController.swift */,
			);
			name = Controller;
			sourceTree = "<group>";
		};
/* End PBXGroup section */

/* Begin PBXNativeTarget section */
		563F07A61DDA232100941467 /* Flatiron Group Project */ = {
			isa = PBXNativeTarget;
			buildConfigurationList = 563F07D21DDA232200941467 /* Build configuration list for PBXNativeTarget "Flatiron Group Project" */;
			buildPhases = (
				563F07A31DDA232100941467 /* Sources */,
				563F07A41DDA232100941467 /* Frameworks */,
				563F07A51DDA232100941467 /* Resources */,
			);
			buildRules = (
			);
			dependencies = (
			);
			name = "Flatiron Group Project";
			productName = "Flatiron Group Project";
			productReference = 563F07A71DDA232100941467 /* Flatiron Group Project.app */;
			productType = "com.apple.product-type.application";
		};
		563F07BD1DDA232200941467 /* Flatiron Group ProjectTests */ = {
			isa = PBXNativeTarget;
			buildConfigurationList = 563F07D51DDA232200941467 /* Build configuration list for PBXNativeTarget "Flatiron Group ProjectTests" */;
			buildPhases = (
				563F07BA1DDA232200941467 /* Sources */,
				563F07BB1DDA232200941467 /* Frameworks */,
				563F07BC1DDA232200941467 /* Resources */,
			);
			buildRules = (
			);
			dependencies = (
				563F07C01DDA232200941467 /* PBXTargetDependency */,
			);
			name = "Flatiron Group ProjectTests";
			productName = "Flatiron Group ProjectTests";
			productReference = 563F07BE1DDA232200941467 /* Flatiron Group ProjectTests.xctest */;
			productType = "com.apple.product-type.bundle.unit-test";
		};
		563F07C81DDA232200941467 /* Flatiron Group ProjectUITests */ = {
			isa = PBXNativeTarget;
			buildConfigurationList = 563F07D81DDA232200941467 /* Build configuration list for PBXNativeTarget "Flatiron Group ProjectUITests" */;
			buildPhases = (
				563F07C51DDA232200941467 /* Sources */,
				563F07C61DDA232200941467 /* Frameworks */,
				563F07C71DDA232200941467 /* Resources */,
			);
			buildRules = (
			);
			dependencies = (
				563F07CB1DDA232200941467 /* PBXTargetDependency */,
			);
			name = "Flatiron Group ProjectUITests";
			productName = "Flatiron Group ProjectUITests";
			productReference = 563F07C91DDA232200941467 /* Flatiron Group ProjectUITests.xctest */;
			productType = "com.apple.product-type.bundle.ui-testing";
		};
/* End PBXNativeTarget section */

/* Begin PBXProject section */
		563F079F1DDA232100941467 /* Project object */ = {
			isa = PBXProject;
			attributes = {
				LastSwiftUpdateCheck = 0810;
				LastUpgradeCheck = 0810;
				ORGANIZATIONNAME = PuddingSmile;
				TargetAttributes = {
					563F07A61DDA232100941467 = {
						CreatedOnToolsVersion = 8.1;
						ProvisioningStyle = Automatic;
					};
					563F07BD1DDA232200941467 = {
						CreatedOnToolsVersion = 8.1;
						ProvisioningStyle = Automatic;
						TestTargetID = 563F07A61DDA232100941467;
					};
					563F07C81DDA232200941467 = {
						CreatedOnToolsVersion = 8.1;
						ProvisioningStyle = Automatic;
						TestTargetID = 563F07A61DDA232100941467;
					};
				};
			};
			buildConfigurationList = 563F07A21DDA232100941467 /* Build configuration list for PBXProject "Flatiron Group Project" */;
			compatibilityVersion = "Xcode 3.2";
			developmentRegion = English;
			hasScannedForEncodings = 0;
			knownRegions = (
				en,
				Base,
			);
			mainGroup = 563F079E1DDA232100941467;
			productRefGroup = 563F07A81DDA232100941467 /* Products */;
			projectDirPath = "";
			projectRoot = "";
			targets = (
				563F07A61DDA232100941467 /* Flatiron Group Project */,
				563F07BD1DDA232200941467 /* Flatiron Group ProjectTests */,
				563F07C81DDA232200941467 /* Flatiron Group ProjectUITests */,
			);
		};
/* End PBXProject section */

/* Begin PBXResourcesBuildPhase section */
		563F07A51DDA232100941467 /* Resources */ = {
			isa = PBXResourcesBuildPhase;
			buildActionMask = 2147483647;
			files = (
				B5D2DD6B1DDA48F9001F2CCE /* Main.storyboard in Resources */,
				563F07B81DDA232200941467 /* LaunchScreen.storyboard in Resources */,
				563F07B51DDA232200941467 /* Assets.xcassets in Resources */,
			);
			runOnlyForDeploymentPostprocessing = 0;
		};
		563F07BC1DDA232200941467 /* Resources */ = {
			isa = PBXResourcesBuildPhase;
			buildActionMask = 2147483647;
			files = (
			);
			runOnlyForDeploymentPostprocessing = 0;
		};
		563F07C71DDA232200941467 /* Resources */ = {
			isa = PBXResourcesBuildPhase;
			buildActionMask = 2147483647;
			files = (
			);
			runOnlyForDeploymentPostprocessing = 0;
		};
/* End PBXResourcesBuildPhase section */

/* Begin PBXSourcesBuildPhase section */
		563F07A31DDA232100941467 /* Sources */ = {
			isa = PBXSourcesBuildPhase;
			buildActionMask = 2147483647;
			files = (
				B5D2DD711DDA50FD001F2CCE /* MarketInfoViewController.swift in Sources */,
				563F07AD1DDA232200941467 /* LandingViewController.swift in Sources */,
				C3C658DE1DDBB9E200C7B533 /* Parser.swift in Sources */,
				B5D2DD781DDA5550001F2CCE /* MarketInfoView.swift in Sources */,
				B5D2DD731DDA51ED001F2CCE /* Market.swift in Sources */,
				563F07AB1DDA232100941467 /* AppDelegate.swift in Sources */,
				C34FD6E01DDA5F560096535D /* SearchView.swift in Sources */,
				B5D2DD6D1DDA50E9001F2CCE /* SearchViewController.swift in Sources */,
				B5D2DD6F1DDA50F3001F2CCE /* MapViewController.swift in Sources */,
				563F07B31DDA232200941467 /* Flatiron_Group_Project.xcdatamodeld in Sources */,
			);
			runOnlyForDeploymentPostprocessing = 0;
		};
		563F07BA1DDA232200941467 /* Sources */ = {
			isa = PBXSourcesBuildPhase;
			buildActionMask = 2147483647;
			files = (
				563F07C31DDA232200941467 /* Flatiron_Group_ProjectTests.swift in Sources */,
			);
			runOnlyForDeploymentPostprocessing = 0;
		};
		563F07C51DDA232200941467 /* Sources */ = {
			isa = PBXSourcesBuildPhase;
			buildActionMask = 2147483647;
			files = (
				563F07CE1DDA232200941467 /* Flatiron_Group_ProjectUITests.swift in Sources */,
			);
			runOnlyForDeploymentPostprocessing = 0;
		};
/* End PBXSourcesBuildPhase section */

/* Begin PBXTargetDependency section */
		563F07C01DDA232200941467 /* PBXTargetDependency */ = {
			isa = PBXTargetDependency;
			target = 563F07A61DDA232100941467 /* Flatiron Group Project */;
			targetProxy = 563F07BF1DDA232200941467 /* PBXContainerItemProxy */;
		};
		563F07CB1DDA232200941467 /* PBXTargetDependency */ = {
			isa = PBXTargetDependency;
			target = 563F07A61DDA232100941467 /* Flatiron Group Project */;
			targetProxy = 563F07CA1DDA232200941467 /* PBXContainerItemProxy */;
		};
/* End PBXTargetDependency section */

/* Begin PBXVariantGroup section */
		563F07B61DDA232200941467 /* LaunchScreen.storyboard */ = {
			isa = PBXVariantGroup;
			children = (
				563F07B71DDA232200941467 /* Base */,
			);
			name = LaunchScreen.storyboard;
			sourceTree = "<group>";
		};
/* End PBXVariantGroup section */

/* Begin XCBuildConfiguration section */
		563F07D01DDA232200941467 /* Debug */ = {
			isa = XCBuildConfiguration;
			buildSettings = {
				ALWAYS_SEARCH_USER_PATHS = NO;
				CLANG_ANALYZER_NONNULL = YES;
				CLANG_CXX_LANGUAGE_STANDARD = "gnu++0x";
				CLANG_CXX_LIBRARY = "libc++";
				CLANG_ENABLE_MODULES = YES;
				CLANG_ENABLE_OBJC_ARC = YES;
				CLANG_WARN_BOOL_CONVERSION = YES;
				CLANG_WARN_CONSTANT_CONVERSION = YES;
				CLANG_WARN_DIRECT_OBJC_ISA_USAGE = YES_ERROR;
				CLANG_WARN_DOCUMENTATION_COMMENTS = YES;
				CLANG_WARN_EMPTY_BODY = YES;
				CLANG_WARN_ENUM_CONVERSION = YES;
				CLANG_WARN_INFINITE_RECURSION = YES;
				CLANG_WARN_INT_CONVERSION = YES;
				CLANG_WARN_OBJC_ROOT_CLASS = YES_ERROR;
				CLANG_WARN_SUSPICIOUS_MOVES = YES;
				CLANG_WARN_UNREACHABLE_CODE = YES;
				CLANG_WARN__DUPLICATE_METHOD_MATCH = YES;
				"CODE_SIGN_IDENTITY[sdk=iphoneos*]" = "iPhone Developer";
				COPY_PHASE_STRIP = NO;
				DEBUG_INFORMATION_FORMAT = dwarf;
				ENABLE_STRICT_OBJC_MSGSEND = YES;
				ENABLE_TESTABILITY = YES;
				GCC_C_LANGUAGE_STANDARD = gnu99;
				GCC_DYNAMIC_NO_PIC = NO;
				GCC_NO_COMMON_BLOCKS = YES;
				GCC_OPTIMIZATION_LEVEL = 0;
				GCC_PREPROCESSOR_DEFINITIONS = (
					"DEBUG=1",
					"$(inherited)",
				);
				GCC_WARN_64_TO_32_BIT_CONVERSION = YES;
				GCC_WARN_ABOUT_RETURN_TYPE = YES_ERROR;
				GCC_WARN_UNDECLARED_SELECTOR = YES;
				GCC_WARN_UNINITIALIZED_AUTOS = YES_AGGRESSIVE;
				GCC_WARN_UNUSED_FUNCTION = YES;
				GCC_WARN_UNUSED_VARIABLE = YES;
				IPHONEOS_DEPLOYMENT_TARGET = 10.1;
				MTL_ENABLE_DEBUG_INFO = YES;
				ONLY_ACTIVE_ARCH = YES;
				SDKROOT = iphoneos;
				SWIFT_ACTIVE_COMPILATION_CONDITIONS = DEBUG;
				SWIFT_OPTIMIZATION_LEVEL = "-Onone";
				TARGETED_DEVICE_FAMILY = "1,2";
			};
			name = Debug;
		};
		563F07D11DDA232200941467 /* Release */ = {
			isa = XCBuildConfiguration;
			buildSettings = {
				ALWAYS_SEARCH_USER_PATHS = NO;
				CLANG_ANALYZER_NONNULL = YES;
				CLANG_CXX_LANGUAGE_STANDARD = "gnu++0x";
				CLANG_CXX_LIBRARY = "libc++";
				CLANG_ENABLE_MODULES = YES;
				CLANG_ENABLE_OBJC_ARC = YES;
				CLANG_WARN_BOOL_CONVERSION = YES;
				CLANG_WARN_CONSTANT_CONVERSION = YES;
				CLANG_WARN_DIRECT_OBJC_ISA_USAGE = YES_ERROR;
				CLANG_WARN_DOCUMENTATION_COMMENTS = YES;
				CLANG_WARN_EMPTY_BODY = YES;
				CLANG_WARN_ENUM_CONVERSION = YES;
				CLANG_WARN_INFINITE_RECURSION = YES;
				CLANG_WARN_INT_CONVERSION = YES;
				CLANG_WARN_OBJC_ROOT_CLASS = YES_ERROR;
				CLANG_WARN_SUSPICIOUS_MOVES = YES;
				CLANG_WARN_UNREACHABLE_CODE = YES;
				CLANG_WARN__DUPLICATE_METHOD_MATCH = YES;
				"CODE_SIGN_IDENTITY[sdk=iphoneos*]" = "iPhone Developer";
				COPY_PHASE_STRIP = NO;
				DEBUG_INFORMATION_FORMAT = "dwarf-with-dsym";
				ENABLE_NS_ASSERTIONS = NO;
				ENABLE_STRICT_OBJC_MSGSEND = YES;
				GCC_C_LANGUAGE_STANDARD = gnu99;
				GCC_NO_COMMON_BLOCKS = YES;
				GCC_WARN_64_TO_32_BIT_CONVERSION = YES;
				GCC_WARN_ABOUT_RETURN_TYPE = YES_ERROR;
				GCC_WARN_UNDECLARED_SELECTOR = YES;
				GCC_WARN_UNINITIALIZED_AUTOS = YES_AGGRESSIVE;
				GCC_WARN_UNUSED_FUNCTION = YES;
				GCC_WARN_UNUSED_VARIABLE = YES;
				IPHONEOS_DEPLOYMENT_TARGET = 10.1;
				MTL_ENABLE_DEBUG_INFO = NO;
				SDKROOT = iphoneos;
				SWIFT_OPTIMIZATION_LEVEL = "-Owholemodule";
				TARGETED_DEVICE_FAMILY = "1,2";
				VALIDATE_PRODUCT = YES;
			};
			name = Release;
		};
		563F07D31DDA232200941467 /* Debug */ = {
			isa = XCBuildConfiguration;
			buildSettings = {
				ASSETCATALOG_COMPILER_APPICON_NAME = AppIcon;
				INFOPLIST_FILE = "Flatiron Group Project/Info.plist";
				LD_RUNPATH_SEARCH_PATHS = "$(inherited) @executable_path/Frameworks";
				PRODUCT_BUNDLE_IDENTIFIER = "com.example.Flatiron-Group-Project";
				PRODUCT_NAME = "$(TARGET_NAME)";
				SWIFT_VERSION = 3.0;
			};
			name = Debug;
		};
		563F07D41DDA232200941467 /* Release */ = {
			isa = XCBuildConfiguration;
			buildSettings = {
				ASSETCATALOG_COMPILER_APPICON_NAME = AppIcon;
				INFOPLIST_FILE = "Flatiron Group Project/Info.plist";
				LD_RUNPATH_SEARCH_PATHS = "$(inherited) @executable_path/Frameworks";
				PRODUCT_BUNDLE_IDENTIFIER = "com.example.Flatiron-Group-Project";
				PRODUCT_NAME = "$(TARGET_NAME)";
				SWIFT_VERSION = 3.0;
			};
			name = Release;
		};
		563F07D61DDA232200941467 /* Debug */ = {
			isa = XCBuildConfiguration;
			buildSettings = {
				ALWAYS_EMBED_SWIFT_STANDARD_LIBRARIES = YES;
				BUNDLE_LOADER = "$(TEST_HOST)";
				INFOPLIST_FILE = "Flatiron Group ProjectTests/Info.plist";
				LD_RUNPATH_SEARCH_PATHS = "$(inherited) @executable_path/Frameworks @loader_path/Frameworks";
				PRODUCT_BUNDLE_IDENTIFIER = "com.example.Flatiron-Group-ProjectTests";
				PRODUCT_NAME = "$(TARGET_NAME)";
				SWIFT_VERSION = 3.0;
				TEST_HOST = "$(BUILT_PRODUCTS_DIR)/Flatiron Group Project.app/Flatiron Group Project";
			};
			name = Debug;
		};
		563F07D71DDA232200941467 /* Release */ = {
			isa = XCBuildConfiguration;
			buildSettings = {
				ALWAYS_EMBED_SWIFT_STANDARD_LIBRARIES = YES;
				BUNDLE_LOADER = "$(TEST_HOST)";
				INFOPLIST_FILE = "Flatiron Group ProjectTests/Info.plist";
				LD_RUNPATH_SEARCH_PATHS = "$(inherited) @executable_path/Frameworks @loader_path/Frameworks";
				PRODUCT_BUNDLE_IDENTIFIER = "com.example.Flatiron-Group-ProjectTests";
				PRODUCT_NAME = "$(TARGET_NAME)";
				SWIFT_VERSION = 3.0;
				TEST_HOST = "$(BUILT_PRODUCTS_DIR)/Flatiron Group Project.app/Flatiron Group Project";
			};
			name = Release;
		};
		563F07D91DDA232200941467 /* Debug */ = {
			isa = XCBuildConfiguration;
			buildSettings = {
				ALWAYS_EMBED_SWIFT_STANDARD_LIBRARIES = YES;
				INFOPLIST_FILE = "Flatiron Group ProjectUITests/Info.plist";
				LD_RUNPATH_SEARCH_PATHS = "$(inherited) @executable_path/Frameworks @loader_path/Frameworks";
				PRODUCT_BUNDLE_IDENTIFIER = "com.example.Flatiron-Group-ProjectUITests";
				PRODUCT_NAME = "$(TARGET_NAME)";
				SWIFT_VERSION = 3.0;
				TEST_TARGET_NAME = "Flatiron Group Project";
			};
			name = Debug;
		};
		563F07DA1DDA232200941467 /* Release */ = {
			isa = XCBuildConfiguration;
			buildSettings = {
				ALWAYS_EMBED_SWIFT_STANDARD_LIBRARIES = YES;
				INFOPLIST_FILE = "Flatiron Group ProjectUITests/Info.plist";
				LD_RUNPATH_SEARCH_PATHS = "$(inherited) @executable_path/Frameworks @loader_path/Frameworks";
				PRODUCT_BUNDLE_IDENTIFIER = "com.example.Flatiron-Group-ProjectUITests";
				PRODUCT_NAME = "$(TARGET_NAME)";
				SWIFT_VERSION = 3.0;
				TEST_TARGET_NAME = "Flatiron Group Project";
			};
			name = Release;
		};
/* End XCBuildConfiguration section */

/* Begin XCConfigurationList section */
		563F07A21DDA232100941467 /* Build configuration list for PBXProject "Flatiron Group Project" */ = {
			isa = XCConfigurationList;
			buildConfigurations = (
				563F07D01DDA232200941467 /* Debug */,
				563F07D11DDA232200941467 /* Release */,
			);
			defaultConfigurationIsVisible = 0;
			defaultConfigurationName = Release;
		};
		563F07D21DDA232200941467 /* Build configuration list for PBXNativeTarget "Flatiron Group Project" */ = {
			isa = XCConfigurationList;
			buildConfigurations = (
				563F07D31DDA232200941467 /* Debug */,
				563F07D41DDA232200941467 /* Release */,
			);
			defaultConfigurationIsVisible = 0;
			defaultConfigurationName = Release;
		};
		563F07D51DDA232200941467 /* Build configuration list for PBXNativeTarget "Flatiron Group ProjectTests" */ = {
			isa = XCConfigurationList;
			buildConfigurations = (
				563F07D61DDA232200941467 /* Debug */,
				563F07D71DDA232200941467 /* Release */,
			);
			defaultConfigurationIsVisible = 0;
			defaultConfigurationName = Release;
		};
		563F07D81DDA232200941467 /* Build configuration list for PBXNativeTarget "Flatiron Group ProjectUITests" */ = {
			isa = XCConfigurationList;
			buildConfigurations = (
				563F07D91DDA232200941467 /* Debug */,
				563F07DA1DDA232200941467 /* Release */,
			);
			defaultConfigurationIsVisible = 0;
			defaultConfigurationName = Release;
		};
/* End XCConfigurationList section */

/* Begin XCVersionGroup section */
		563F07B11DDA232200941467 /* Flatiron_Group_Project.xcdatamodeld */ = {
			isa = XCVersionGroup;
			children = (
				563F07B21DDA232200941467 /* Flatiron_Group_Project.xcdatamodel */,
			);
			currentVersion = 563F07B21DDA232200941467 /* Flatiron_Group_Project.xcdatamodel */;
			path = Flatiron_Group_Project.xcdatamodeld;
			sourceTree = "<group>";
			versionGroupType = wrapper.xcdatamodel;
		};
/* End XCVersionGroup section */
	};
	rootObject = 563F079F1DDA232100941467 /* Project object */;
}
