// !$*UTF8*$!
{
	archiveVersion = 1;
	classes = {
	};
	objectVersion = 46;
	objects = {

/* Begin PBXBuildFile section */
		41C9EFEF0D58011ADABDA4A5 /* Pods_GroupProjectTests.framework in Frameworks */ = {isa = PBXBuildFile; fileRef = 64E796F04915D3867E73E5AD /* Pods_GroupProjectTests.framework */; };
		52118E11BE677BA33E036F3B /* Pods_GroupProject.framework in Frameworks */ = {isa = PBXBuildFile; fileRef = 237476C277B2E78A7C4F1322 /* Pods_GroupProject.framework */; };
		5633056A1DEF5F6400E54561 /* AddCommentView.swift in Sources */ = {isa = PBXBuildFile; fileRef = 563305691DEF5F6400E54561 /* AddCommentView.swift */; };
		567EFF661DF227B600525A3E /* AddCommentViewController.swift in Sources */ = {isa = PBXBuildFile; fileRef = 567EFF651DF227B600525A3E /* AddCommentViewController.swift */; };
		569CBD731DE5F3CC00BE502B /* MarketViewPrototype.xib in Resources */ = {isa = PBXBuildFile; fileRef = 569CBD721DE5F3CC00BE502B /* MarketViewPrototype.xib */; };
		569CBD751DE5F41E00BE502B /* MarketTableCell.swift in Sources */ = {isa = PBXBuildFile; fileRef = 569CBD741DE5F41E00BE502B /* MarketTableCell.swift */; };
		569CBD791DE5F5A200BE502B /* MarketView.swift in Sources */ = {isa = PBXBuildFile; fileRef = 569CBD781DE5F5A200BE502B /* MarketView.swift */; };
		56A0716B1DEE13A100318D35 /* CommentTableViewCell.swift in Sources */ = {isa = PBXBuildFile; fileRef = 56A0716A1DEE13A100318D35 /* CommentTableViewCell.swift */; };
		56BE38301DDE560100D5EA17 /* Market.xcdatamodeld in Sources */ = {isa = PBXBuildFile; fileRef = 56BE382E1DDE560100D5EA17 /* Market.xcdatamodeld */; };
		B5167F691DEDD626005AB062 /* Constants.swift in Sources */ = {isa = PBXBuildFile; fileRef = B5167F681DEDD626005AB062 /* Constants.swift */; };
		B5D2DD9F1DDE45EE001F2CCE /* MarketInfo.csv in Resources */ = {isa = PBXBuildFile; fileRef = B5D2DD9E1DDE45EE001F2CCE /* MarketInfo.csv */; };
		B5D2DDA11DDF4D1C001F2CCE /* DateManager.swift in Sources */ = {isa = PBXBuildFile; fileRef = B5D2DDA01DDF4D1C001F2CCE /* DateManager.swift */; };
		B5D2DDA31DDFAF1A001F2CCE /* LocationManager.swift in Sources */ = {isa = PBXBuildFile; fileRef = B5D2DDA21DDFAF1A001F2CCE /* LocationManager.swift */; };
		B5D2DDC01DE35553001F2CCE /* LoginViewController.swift in Sources */ = {isa = PBXBuildFile; fileRef = B5D2DDBF1DE35553001F2CCE /* LoginViewController.swift */; };
		B5D2DDC21DE355E3001F2CCE /* CommentsViewController.swift in Sources */ = {isa = PBXBuildFile; fileRef = B5D2DDC11DE355E3001F2CCE /* CommentsViewController.swift */; };
		B5D2DDC41DE35639001F2CCE /* MarketListViewController.swift in Sources */ = {isa = PBXBuildFile; fileRef = B5D2DDC31DE35639001F2CCE /* MarketListViewController.swift */; };
		B5D2DDC61DE3729E001F2CCE /* MarketComment.swift in Sources */ = {isa = PBXBuildFile; fileRef = B5D2DDC51DE3729E001F2CCE /* MarketComment.swift */; };
		B5D2DDEB1DE3943E001F2CCE /* LoginView.swift in Sources */ = {isa = PBXBuildFile; fileRef = B5D2DDEA1DE3943E001F2CCE /* LoginView.swift */; };
		B5D2DDED1DE39B3B001F2CCE /* UIClassExtensions.swift in Sources */ = {isa = PBXBuildFile; fileRef = B5D2DDEC1DE39B3B001F2CCE /* UIClassExtensions.swift */; };
		B5F429761DEF6A3A00C91084 /* InfoTableView.swift in Sources */ = {isa = PBXBuildFile; fileRef = B5F429751DEF6A3A00C91084 /* InfoTableView.swift */; };
		B5F429781DEF6A4A00C91084 /* EditorBox.swift in Sources */ = {isa = PBXBuildFile; fileRef = B5F429771DEF6A4A00C91084 /* EditorBox.swift */; };
		B5F4297D1DF0706600C91084 /* InfoTableViewCell.swift in Sources */ = {isa = PBXBuildFile; fileRef = B5F4297C1DF0706600C91084 /* InfoTableViewCell.swift */; };
		B5F4297F1DF0A52A00C91084 /* EditorStore.swift in Sources */ = {isa = PBXBuildFile; fileRef = B5F4297E1DF0A52A00C91084 /* EditorStore.swift */; };
		B5F429811DF1BE0E00C91084 /* EditorBoxSubviews.swift in Sources */ = {isa = PBXBuildFile; fileRef = B5F429801DF1BE0E00C91084 /* EditorBoxSubviews.swift */; };
		B5FFF0F31DEC7A7D004716B8 /* CommentsView.swift in Sources */ = {isa = PBXBuildFile; fileRef = B5FFF0F21DEC7A7D004716B8 /* CommentsView.swift */; };
		C315CBED1DDE564500EA6D71 /* FirebaseAPI.swift in Sources */ = {isa = PBXBuildFile; fileRef = C315CBEC1DDE564500EA6D71 /* FirebaseAPI.swift */; };
		C3188B3B1DDE2FDC00F5479F /* GoogleService-Info.plist in Resources */ = {isa = PBXBuildFile; fileRef = C3188B3A1DDE2FDC00F5479F /* GoogleService-Info.plist */; };
		C33604431DE357FF0062453A /* MapView.swift in Sources */ = {isa = PBXBuildFile; fileRef = C33604421DE357FF0062453A /* MapView.swift */; };
		C35ADA231DECC522000442BB /* AddMarketView.swift in Sources */ = {isa = PBXBuildFile; fileRef = C35ADA221DECC522000442BB /* AddMarketView.swift */; };
		C35ADA251DECC760000442BB /* AddMarketViewController.swift in Sources */ = {isa = PBXBuildFile; fileRef = C35ADA241DECC760000442BB /* AddMarketViewController.swift */; };
		C35ADA291DEE3330000442BB /* AddMarketPickerView.swift in Sources */ = {isa = PBXBuildFile; fileRef = C35ADA281DEE3330000442BB /* AddMarketPickerView.swift */; };
		C37BA5CF1DEF60FA00AB1DD2 /* AddMarketDatePicker.swift in Sources */ = {isa = PBXBuildFile; fileRef = C37BA5CE1DEF60FA00AB1DD2 /* AddMarketDatePicker.swift */; };
		C37BA5D11DEF767400AB1DD2 /* AddMarketExtension.swift in Sources */ = {isa = PBXBuildFile; fileRef = C37BA5D01DEF767400AB1DD2 /* AddMarketExtension.swift */; };
		C39323BB1DDF57BB009ECD23 /* MarketDataStore.swift in Sources */ = {isa = PBXBuildFile; fileRef = C39323BA1DDF57BB009ECD23 /* MarketDataStore.swift */; };
		C3C658EE1DDBCC1A00C7B533 /* AppDelegate.swift in Sources */ = {isa = PBXBuildFile; fileRef = C3C658ED1DDBCC1A00C7B533 /* AppDelegate.swift */; };
		C3C658F31DDBCC1A00C7B533 /* Main.storyboard in Resources */ = {isa = PBXBuildFile; fileRef = C3C658F11DDBCC1A00C7B533 /* Main.storyboard */; };
		C3C658F61DDBCC1A00C7B533 /* GroupProject.xcdatamodeld in Sources */ = {isa = PBXBuildFile; fileRef = C3C658F41DDBCC1A00C7B533 /* GroupProject.xcdatamodeld */; };
		C3C658F81DDBCC1A00C7B533 /* Assets.xcassets in Resources */ = {isa = PBXBuildFile; fileRef = C3C658F71DDBCC1A00C7B533 /* Assets.xcassets */; };
		C3C658FB1DDBCC1A00C7B533 /* LaunchScreen.storyboard in Resources */ = {isa = PBXBuildFile; fileRef = C3C658F91DDBCC1A00C7B533 /* LaunchScreen.storyboard */; };
		C3C659061DDBCC1A00C7B533 /* GroupProjectTests.swift in Sources */ = {isa = PBXBuildFile; fileRef = C3C659051DDBCC1A00C7B533 /* GroupProjectTests.swift */; };
		C3C659111DDBCC1A00C7B533 /* GroupProjectUITests.swift in Sources */ = {isa = PBXBuildFile; fileRef = C3C659101DDBCC1A00C7B533 /* GroupProjectUITests.swift */; };
		C3C659381DDBCE6700C7B533 /* MarketInfoViewController.swift in Sources */ = {isa = PBXBuildFile; fileRef = C3C659341DDBCE6700C7B533 /* MarketInfoViewController.swift */; };
		C3C659391DDBCE6700C7B533 /* MapViewController.swift in Sources */ = {isa = PBXBuildFile; fileRef = C3C659351DDBCE6700C7B533 /* MapViewController.swift */; };
		C3C6593A1DDBCE6700C7B533 /* SearchViewController.swift in Sources */ = {isa = PBXBuildFile; fileRef = C3C659361DDBCE6700C7B533 /* SearchViewController.swift */; };
		C3C6593B1DDBCE6700C7B533 /* LandingViewController.swift in Sources */ = {isa = PBXBuildFile; fileRef = C3C659371DDBCE6700C7B533 /* LandingViewController.swift */; };
		C3C6593F1DDBCE7C00C7B533 /* Parser.swift in Sources */ = {isa = PBXBuildFile; fileRef = C3C6593D1DDBCE7C00C7B533 /* Parser.swift */; };
		C3C659431DDBCE8300C7B533 /* LandingView.swift in Sources */ = {isa = PBXBuildFile; fileRef = C3C659401DDBCE8300C7B533 /* LandingView.swift */; };
		C3C659441DDBCE8300C7B533 /* MarketInfoView.swift in Sources */ = {isa = PBXBuildFile; fileRef = C3C659411DDBCE8300C7B533 /* MarketInfoView.swift */; };
		C3C659451DDBCE8300C7B533 /* SearchView.swift in Sources */ = {isa = PBXBuildFile; fileRef = C3C659421DDBCE8300C7B533 /* SearchView.swift */; };
		C3F66D211DF08853004DFDF0 /* AddMarketDaysOfWeekView.swift in Sources */ = {isa = PBXBuildFile; fileRef = C3F66D201DF08853004DFDF0 /* AddMarketDaysOfWeekView.swift */; };
		C3FB68061DE5E17E00F0926C /* MarketAnnotation.swift in Sources */ = {isa = PBXBuildFile; fileRef = C3FB68051DE5E17E00F0926C /* MarketAnnotation.swift */; };
		FAF45631D2F3047A5F3EA4DB /* Pods_GroupProjectUITests.framework in Frameworks */ = {isa = PBXBuildFile; fileRef = 1A67DF18E84F0E896BFFCF60 /* Pods_GroupProjectUITests.framework */; };
		FD55AC741DEFC3580013C8D5 /* MarketInfoViewConstraints.swift in Sources */ = {isa = PBXBuildFile; fileRef = FD55AC731DEFC3580013C8D5 /* MarketInfoViewConstraints.swift */; };
		FD55AC761DEFC38A0013C8D5 /* MarketInfoViewSubviews.swift in Sources */ = {isa = PBXBuildFile; fileRef = FD55AC751DEFC38A0013C8D5 /* MarketInfoViewSubviews.swift */; };
/* End PBXBuildFile section */

/* Begin PBXContainerItemProxy section */
		C3C659021DDBCC1A00C7B533 /* PBXContainerItemProxy */ = {
			isa = PBXContainerItemProxy;
			containerPortal = C3C658E21DDBCC1A00C7B533 /* Project object */;
			proxyType = 1;
			remoteGlobalIDString = C3C658E91DDBCC1A00C7B533;
			remoteInfo = GroupProject;
		};
		C3C6590D1DDBCC1A00C7B533 /* PBXContainerItemProxy */ = {
			isa = PBXContainerItemProxy;
			containerPortal = C3C658E21DDBCC1A00C7B533 /* Project object */;
			proxyType = 1;
			remoteGlobalIDString = C3C658E91DDBCC1A00C7B533;
			remoteInfo = GroupProject;
		};
/* End PBXContainerItemProxy section */

/* Begin PBXFileReference section */
		1A67DF18E84F0E896BFFCF60 /* Pods_GroupProjectUITests.framework */ = {isa = PBXFileReference; explicitFileType = wrapper.framework; includeInIndex = 0; path = Pods_GroupProjectUITests.framework; sourceTree = BUILT_PRODUCTS_DIR; };
		237476C277B2E78A7C4F1322 /* Pods_GroupProject.framework */ = {isa = PBXFileReference; explicitFileType = wrapper.framework; includeInIndex = 0; path = Pods_GroupProject.framework; sourceTree = BUILT_PRODUCTS_DIR; };
		42E14FECD137F0044D1F924B /* Pods-GroupProjectUITests.debug.xcconfig */ = {isa = PBXFileReference; includeInIndex = 1; lastKnownFileType = text.xcconfig; name = "Pods-GroupProjectUITests.debug.xcconfig"; path = "Pods/Target Support Files/Pods-GroupProjectUITests/Pods-GroupProjectUITests.debug.xcconfig"; sourceTree = "<group>"; };
		467396D901C55DBB36357A1F /* Pods-GroupProjectTests.debug.xcconfig */ = {isa = PBXFileReference; includeInIndex = 1; lastKnownFileType = text.xcconfig; name = "Pods-GroupProjectTests.debug.xcconfig"; path = "Pods/Target Support Files/Pods-GroupProjectTests/Pods-GroupProjectTests.debug.xcconfig"; sourceTree = "<group>"; };
		563305691DEF5F6400E54561 /* AddCommentView.swift */ = {isa = PBXFileReference; fileEncoding = 4; lastKnownFileType = sourcecode.swift; name = AddCommentView.swift; path = GroupProject/AddCommentView.swift; sourceTree = "<group>"; };
		567EFF651DF227B600525A3E /* AddCommentViewController.swift */ = {isa = PBXFileReference; fileEncoding = 4; lastKnownFileType = sourcecode.swift; name = AddCommentViewController.swift; path = GroupProject/AddCommentViewController.swift; sourceTree = "<group>"; };
		569CBD721DE5F3CC00BE502B /* MarketViewPrototype.xib */ = {isa = PBXFileReference; fileEncoding = 4; lastKnownFileType = file.xib; path = MarketViewPrototype.xib; sourceTree = "<group>"; };
		569CBD741DE5F41E00BE502B /* MarketTableCell.swift */ = {isa = PBXFileReference; fileEncoding = 4; lastKnownFileType = sourcecode.swift; path = MarketTableCell.swift; sourceTree = "<group>"; };
		569CBD781DE5F5A200BE502B /* MarketView.swift */ = {isa = PBXFileReference; fileEncoding = 4; lastKnownFileType = sourcecode.swift; path = MarketView.swift; sourceTree = "<group>"; };
		56A0716A1DEE13A100318D35 /* CommentTableViewCell.swift */ = {isa = PBXFileReference; fileEncoding = 4; lastKnownFileType = sourcecode.swift; path = CommentTableViewCell.swift; sourceTree = "<group>"; };
		56BE382F1DDE560100D5EA17 /* Market.xcdatamodel */ = {isa = PBXFileReference; lastKnownFileType = wrapper.xcdatamodel; path = Market.xcdatamodel; sourceTree = "<group>"; };
		64E796F04915D3867E73E5AD /* Pods_GroupProjectTests.framework */ = {isa = PBXFileReference; explicitFileType = wrapper.framework; includeInIndex = 0; path = Pods_GroupProjectTests.framework; sourceTree = BUILT_PRODUCTS_DIR; };
		9AA920360D82CF7B104239AA /* Pods-GroupProject.release.xcconfig */ = {isa = PBXFileReference; includeInIndex = 1; lastKnownFileType = text.xcconfig; name = "Pods-GroupProject.release.xcconfig"; path = "Pods/Target Support Files/Pods-GroupProject/Pods-GroupProject.release.xcconfig"; sourceTree = "<group>"; };
		B5167F681DEDD626005AB062 /* Constants.swift */ = {isa = PBXFileReference; fileEncoding = 4; lastKnownFileType = sourcecode.swift; path = Constants.swift; sourceTree = "<group>"; };
		B5D2DD9E1DDE45EE001F2CCE /* MarketInfo.csv */ = {isa = PBXFileReference; fileEncoding = 4; lastKnownFileType = text; path = MarketInfo.csv; sourceTree = "<group>"; };
		B5D2DDA01DDF4D1C001F2CCE /* DateManager.swift */ = {isa = PBXFileReference; fileEncoding = 4; lastKnownFileType = sourcecode.swift; path = DateManager.swift; sourceTree = "<group>"; };
		B5D2DDA21DDFAF1A001F2CCE /* LocationManager.swift */ = {isa = PBXFileReference; fileEncoding = 4; lastKnownFileType = sourcecode.swift; path = LocationManager.swift; sourceTree = "<group>"; };
		B5D2DDBF1DE35553001F2CCE /* LoginViewController.swift */ = {isa = PBXFileReference; fileEncoding = 4; lastKnownFileType = sourcecode.swift; name = LoginViewController.swift; path = GroupProject/LoginViewController.swift; sourceTree = "<group>"; };
		B5D2DDC11DE355E3001F2CCE /* CommentsViewController.swift */ = {isa = PBXFileReference; fileEncoding = 4; lastKnownFileType = sourcecode.swift; name = CommentsViewController.swift; path = GroupProject/CommentsViewController.swift; sourceTree = "<group>"; };
		B5D2DDC31DE35639001F2CCE /* MarketListViewController.swift */ = {isa = PBXFileReference; fileEncoding = 4; lastKnownFileType = sourcecode.swift; name = MarketListViewController.swift; path = GroupProject/MarketListViewController.swift; sourceTree = "<group>"; };
		B5D2DDC51DE3729E001F2CCE /* MarketComment.swift */ = {isa = PBXFileReference; fileEncoding = 4; lastKnownFileType = sourcecode.swift; path = MarketComment.swift; sourceTree = "<group>"; };
		B5D2DDEA1DE3943E001F2CCE /* LoginView.swift */ = {isa = PBXFileReference; fileEncoding = 4; lastKnownFileType = sourcecode.swift; path = LoginView.swift; sourceTree = "<group>"; };
		B5D2DDEC1DE39B3B001F2CCE /* UIClassExtensions.swift */ = {isa = PBXFileReference; fileEncoding = 4; lastKnownFileType = sourcecode.swift; path = UIClassExtensions.swift; sourceTree = "<group>"; };
		B5F429751DEF6A3A00C91084 /* InfoTableView.swift */ = {isa = PBXFileReference; fileEncoding = 4; lastKnownFileType = sourcecode.swift; path = InfoTableView.swift; sourceTree = "<group>"; };
		B5F429771DEF6A4A00C91084 /* EditorBox.swift */ = {isa = PBXFileReference; fileEncoding = 4; lastKnownFileType = sourcecode.swift; path = EditorBox.swift; sourceTree = "<group>"; };
		B5F4297C1DF0706600C91084 /* InfoTableViewCell.swift */ = {isa = PBXFileReference; fileEncoding = 4; lastKnownFileType = sourcecode.swift; path = InfoTableViewCell.swift; sourceTree = "<group>"; };
		B5F4297E1DF0A52A00C91084 /* EditorStore.swift */ = {isa = PBXFileReference; fileEncoding = 4; lastKnownFileType = sourcecode.swift; path = EditorStore.swift; sourceTree = "<group>"; };
		B5F429801DF1BE0E00C91084 /* EditorBoxSubviews.swift */ = {isa = PBXFileReference; fileEncoding = 4; lastKnownFileType = sourcecode.swift; path = EditorBoxSubviews.swift; sourceTree = "<group>"; };
		B5FFF0F21DEC7A7D004716B8 /* CommentsView.swift */ = {isa = PBXFileReference; fileEncoding = 4; lastKnownFileType = sourcecode.swift; path = CommentsView.swift; sourceTree = "<group>"; };
		C00C22163A0DAEAF7038196C /* Pods-GroupProjectTests.release.xcconfig */ = {isa = PBXFileReference; includeInIndex = 1; lastKnownFileType = text.xcconfig; name = "Pods-GroupProjectTests.release.xcconfig"; path = "Pods/Target Support Files/Pods-GroupProjectTests/Pods-GroupProjectTests.release.xcconfig"; sourceTree = "<group>"; };
		C315CBEC1DDE564500EA6D71 /* FirebaseAPI.swift */ = {isa = PBXFileReference; fileEncoding = 4; lastKnownFileType = sourcecode.swift; path = FirebaseAPI.swift; sourceTree = "<group>"; };
		C3188B3A1DDE2FDC00F5479F /* GoogleService-Info.plist */ = {isa = PBXFileReference; fileEncoding = 4; lastKnownFileType = text.plist.xml; path = "GoogleService-Info.plist"; sourceTree = "<group>"; };
		C33604421DE357FF0062453A /* MapView.swift */ = {isa = PBXFileReference; fileEncoding = 4; lastKnownFileType = sourcecode.swift; path = MapView.swift; sourceTree = "<group>"; };
		C35ADA221DECC522000442BB /* AddMarketView.swift */ = {isa = PBXFileReference; fileEncoding = 4; lastKnownFileType = sourcecode.swift; path = AddMarketView.swift; sourceTree = "<group>"; };
		C35ADA241DECC760000442BB /* AddMarketViewController.swift */ = {isa = PBXFileReference; fileEncoding = 4; lastKnownFileType = sourcecode.swift; path = AddMarketViewController.swift; sourceTree = "<group>"; };
		C35ADA281DEE3330000442BB /* AddMarketPickerView.swift */ = {isa = PBXFileReference; fileEncoding = 4; lastKnownFileType = sourcecode.swift; path = AddMarketPickerView.swift; sourceTree = "<group>"; };
		C37BA5CE1DEF60FA00AB1DD2 /* AddMarketDatePicker.swift */ = {isa = PBXFileReference; fileEncoding = 4; lastKnownFileType = sourcecode.swift; path = AddMarketDatePicker.swift; sourceTree = "<group>"; };
		C37BA5D01DEF767400AB1DD2 /* AddMarketExtension.swift */ = {isa = PBXFileReference; fileEncoding = 4; lastKnownFileType = sourcecode.swift; path = AddMarketExtension.swift; sourceTree = "<group>"; };
		C39323BA1DDF57BB009ECD23 /* MarketDataStore.swift */ = {isa = PBXFileReference; fileEncoding = 4; lastKnownFileType = sourcecode.swift; path = MarketDataStore.swift; sourceTree = "<group>"; };
		C3C658EA1DDBCC1A00C7B533 /* GroupProject.app */ = {isa = PBXFileReference; explicitFileType = wrapper.application; includeInIndex = 0; path = GroupProject.app; sourceTree = BUILT_PRODUCTS_DIR; };
		C3C658ED1DDBCC1A00C7B533 /* AppDelegate.swift */ = {isa = PBXFileReference; lastKnownFileType = sourcecode.swift; path = AppDelegate.swift; sourceTree = "<group>"; };
		C3C658F21DDBCC1A00C7B533 /* Base */ = {isa = PBXFileReference; lastKnownFileType = file.storyboard; name = Base; path = Base.lproj/Main.storyboard; sourceTree = "<group>"; };
		C3C658F51DDBCC1A00C7B533 /* GroupProject.xcdatamodel */ = {isa = PBXFileReference; lastKnownFileType = wrapper.xcdatamodel; path = GroupProject.xcdatamodel; sourceTree = "<group>"; };
		C3C658F71DDBCC1A00C7B533 /* Assets.xcassets */ = {isa = PBXFileReference; lastKnownFileType = folder.assetcatalog; path = Assets.xcassets; sourceTree = "<group>"; };
		C3C658FA1DDBCC1A00C7B533 /* Base */ = {isa = PBXFileReference; lastKnownFileType = file.storyboard; name = Base; path = Base.lproj/LaunchScreen.storyboard; sourceTree = "<group>"; };
		C3C658FC1DDBCC1A00C7B533 /* Info.plist */ = {isa = PBXFileReference; lastKnownFileType = text.plist.xml; path = Info.plist; sourceTree = "<group>"; };
		C3C659011DDBCC1A00C7B533 /* GroupProjectTests.xctest */ = {isa = PBXFileReference; explicitFileType = wrapper.cfbundle; includeInIndex = 0; path = GroupProjectTests.xctest; sourceTree = BUILT_PRODUCTS_DIR; };
		C3C659051DDBCC1A00C7B533 /* GroupProjectTests.swift */ = {isa = PBXFileReference; lastKnownFileType = sourcecode.swift; path = GroupProjectTests.swift; sourceTree = "<group>"; };
		C3C659071DDBCC1A00C7B533 /* Info.plist */ = {isa = PBXFileReference; lastKnownFileType = text.plist.xml; path = Info.plist; sourceTree = "<group>"; };
		C3C6590C1DDBCC1A00C7B533 /* GroupProjectUITests.xctest */ = {isa = PBXFileReference; explicitFileType = wrapper.cfbundle; includeInIndex = 0; path = GroupProjectUITests.xctest; sourceTree = BUILT_PRODUCTS_DIR; };
		C3C659101DDBCC1A00C7B533 /* GroupProjectUITests.swift */ = {isa = PBXFileReference; lastKnownFileType = sourcecode.swift; path = GroupProjectUITests.swift; sourceTree = "<group>"; };
		C3C659121DDBCC1A00C7B533 /* Info.plist */ = {isa = PBXFileReference; lastKnownFileType = text.plist.xml; path = Info.plist; sourceTree = "<group>"; };
		C3C659341DDBCE6700C7B533 /* MarketInfoViewController.swift */ = {isa = PBXFileReference; fileEncoding = 4; lastKnownFileType = sourcecode.swift; path = MarketInfoViewController.swift; sourceTree = "<group>"; };
		C3C659351DDBCE6700C7B533 /* MapViewController.swift */ = {isa = PBXFileReference; fileEncoding = 4; lastKnownFileType = sourcecode.swift; path = MapViewController.swift; sourceTree = "<group>"; };
		C3C659361DDBCE6700C7B533 /* SearchViewController.swift */ = {isa = PBXFileReference; fileEncoding = 4; lastKnownFileType = sourcecode.swift; path = SearchViewController.swift; sourceTree = "<group>"; };
		C3C659371DDBCE6700C7B533 /* LandingViewController.swift */ = {isa = PBXFileReference; fileEncoding = 4; lastKnownFileType = sourcecode.swift; path = LandingViewController.swift; sourceTree = "<group>"; };
		C3C6593D1DDBCE7C00C7B533 /* Parser.swift */ = {isa = PBXFileReference; fileEncoding = 4; lastKnownFileType = sourcecode.swift; path = Parser.swift; sourceTree = "<group>"; };
		C3C659401DDBCE8300C7B533 /* LandingView.swift */ = {isa = PBXFileReference; fileEncoding = 4; lastKnownFileType = sourcecode.swift; path = LandingView.swift; sourceTree = "<group>"; };
		C3C659411DDBCE8300C7B533 /* MarketInfoView.swift */ = {isa = PBXFileReference; fileEncoding = 4; lastKnownFileType = sourcecode.swift; path = MarketInfoView.swift; sourceTree = "<group>"; };
		C3C659421DDBCE8300C7B533 /* SearchView.swift */ = {isa = PBXFileReference; fileEncoding = 4; lastKnownFileType = sourcecode.swift; path = SearchView.swift; sourceTree = "<group>"; };
		C3F66D201DF08853004DFDF0 /* AddMarketDaysOfWeekView.swift */ = {isa = PBXFileReference; fileEncoding = 4; lastKnownFileType = sourcecode.swift; path = AddMarketDaysOfWeekView.swift; sourceTree = "<group>"; };
		C3FB68051DE5E17E00F0926C /* MarketAnnotation.swift */ = {isa = PBXFileReference; fileEncoding = 4; lastKnownFileType = sourcecode.swift; path = MarketAnnotation.swift; sourceTree = "<group>"; };
		CBEB0C8F32A47559618F9456 /* Pods-GroupProjectUITests.release.xcconfig */ = {isa = PBXFileReference; includeInIndex = 1; lastKnownFileType = text.xcconfig; name = "Pods-GroupProjectUITests.release.xcconfig"; path = "Pods/Target Support Files/Pods-GroupProjectUITests/Pods-GroupProjectUITests.release.xcconfig"; sourceTree = "<group>"; };
		E7301191369CDC6175227298 /* Pods-GroupProject.debug.xcconfig */ = {isa = PBXFileReference; includeInIndex = 1; lastKnownFileType = text.xcconfig; name = "Pods-GroupProject.debug.xcconfig"; path = "Pods/Target Support Files/Pods-GroupProject/Pods-GroupProject.debug.xcconfig"; sourceTree = "<group>"; };
		FD55AC731DEFC3580013C8D5 /* MarketInfoViewConstraints.swift */ = {isa = PBXFileReference; fileEncoding = 4; lastKnownFileType = sourcecode.swift; path = MarketInfoViewConstraints.swift; sourceTree = "<group>"; };
		FD55AC751DEFC38A0013C8D5 /* MarketInfoViewSubviews.swift */ = {isa = PBXFileReference; fileEncoding = 4; lastKnownFileType = sourcecode.swift; path = MarketInfoViewSubviews.swift; sourceTree = "<group>"; };
/* End PBXFileReference section */

/* Begin PBXFrameworksBuildPhase section */
		C3C658E71DDBCC1A00C7B533 /* Frameworks */ = {
			isa = PBXFrameworksBuildPhase;
			buildActionMask = 2147483647;
			files = (
				52118E11BE677BA33E036F3B /* Pods_GroupProject.framework in Frameworks */,
			);
			runOnlyForDeploymentPostprocessing = 0;
		};
		C3C658FE1DDBCC1A00C7B533 /* Frameworks */ = {
			isa = PBXFrameworksBuildPhase;
			buildActionMask = 2147483647;
			files = (
				41C9EFEF0D58011ADABDA4A5 /* Pods_GroupProjectTests.framework in Frameworks */,
			);
			runOnlyForDeploymentPostprocessing = 0;
		};
		C3C659091DDBCC1A00C7B533 /* Frameworks */ = {
			isa = PBXFrameworksBuildPhase;
			buildActionMask = 2147483647;
			files = (
				FAF45631D2F3047A5F3EA4DB /* Pods_GroupProjectUITests.framework in Frameworks */,
			);
			runOnlyForDeploymentPostprocessing = 0;
		};
/* End PBXFrameworksBuildPhase section */

/* Begin PBXGroup section */
		5633056B1DEF5F7E00E54561 /* Views */ = {
			isa = PBXGroup;
			children = (
				B5167F6F1DEF68C8005AB062 /* MarketInfoViewGroup */,
				C35793AA1DEF9032000931F2 /* AddMarketViews */,
				B5167F681DEDD626005AB062 /* Constants.swift */,
				C33604421DE357FF0062453A /* MapView.swift */,
				B5D2DDEC1DE39B3B001F2CCE /* UIClassExtensions.swift */,
				B5D2DDEA1DE3943E001F2CCE /* LoginView.swift */,
				C3C659401DDBCE8300C7B533 /* LandingView.swift */,
				569CBD741DE5F41E00BE502B /* MarketTableCell.swift */,
				569CBD781DE5F5A200BE502B /* MarketView.swift */,
				C3C659421DDBCE8300C7B533 /* SearchView.swift */,
				C3C659211DDBCCBD00C7B533 /* Comment Views */,
			);
			name = Views;
			sourceTree = "<group>";
		};
		56748FDE634C7D4EEBE11336 /* Pods */ = {
			isa = PBXGroup;
			children = (
				E7301191369CDC6175227298 /* Pods-GroupProject.debug.xcconfig */,
				9AA920360D82CF7B104239AA /* Pods-GroupProject.release.xcconfig */,
				467396D901C55DBB36357A1F /* Pods-GroupProjectTests.debug.xcconfig */,
				C00C22163A0DAEAF7038196C /* Pods-GroupProjectTests.release.xcconfig */,
				42E14FECD137F0044D1F924B /* Pods-GroupProjectUITests.debug.xcconfig */,
				CBEB0C8F32A47559618F9456 /* Pods-GroupProjectUITests.release.xcconfig */,
			);
			name = Pods;
			sourceTree = "<group>";
		};
		B5167F6F1DEF68C8005AB062 /* MarketInfoViewGroup */ = {
			isa = PBXGroup;
			children = (
				B5F429791DF0700B00C91084 /* MarketInfoFolder */,
				B5F4297A1DF0701D00C91084 /* InfoTableFolder */,
				B5F4297B1DF0702B00C91084 /* EditorFolder */,
			);
			name = MarketInfoViewGroup;
			sourceTree = "<group>";
		};
		B5F429791DF0700B00C91084 /* MarketInfoFolder */ = {
			isa = PBXGroup;
			children = (
				C3C659411DDBCE8300C7B533 /* MarketInfoView.swift */,
				FD55AC751DEFC38A0013C8D5 /* MarketInfoViewSubviews.swift */,
				FD55AC731DEFC3580013C8D5 /* MarketInfoViewConstraints.swift */,
			);
			name = MarketInfoFolder;
			sourceTree = "<group>";
		};
		B5F4297A1DF0701D00C91084 /* InfoTableFolder */ = {
			isa = PBXGroup;
			children = (
				B5F429751DEF6A3A00C91084 /* InfoTableView.swift */,
				B5F4297C1DF0706600C91084 /* InfoTableViewCell.swift */,
			);
			name = InfoTableFolder;
			sourceTree = "<group>";
		};
		B5F4297B1DF0702B00C91084 /* EditorFolder */ = {
			isa = PBXGroup;
			children = (
				B5F429771DEF6A4A00C91084 /* EditorBox.swift */,
				B5F429801DF1BE0E00C91084 /* EditorBoxSubviews.swift */,
				B5F4297E1DF0A52A00C91084 /* EditorStore.swift */,
			);
			name = EditorFolder;
			sourceTree = "<group>";
		};
		C35793AA1DEF9032000931F2 /* AddMarketViews */ = {
			isa = PBXGroup;
			children = (
				C3F66D201DF08853004DFDF0 /* AddMarketDaysOfWeekView.swift */,
				C37BA5D01DEF767400AB1DD2 /* AddMarketExtension.swift */,
				C35ADA221DECC522000442BB /* AddMarketView.swift */,
				C37BA5CE1DEF60FA00AB1DD2 /* AddMarketDatePicker.swift */,
				C35ADA281DEE3330000442BB /* AddMarketPickerView.swift */,
			);
			name = AddMarketViews;
			sourceTree = "<group>";
		};
		C3C658E11DDBCC1A00C7B533 = {
			isa = PBXGroup;
			children = (
				56BE382E1DDE560100D5EA17 /* Market.xcdatamodeld */,
				B5D2DD9E1DDE45EE001F2CCE /* MarketInfo.csv */,
				C3C659231DDBCCD400C7B533 /* Controller */,
				C3C659221DDBCCC800C7B533 /* Models */,
				5633056B1DEF5F7E00E54561 /* Views */,
				C3C658EC1DDBCC1A00C7B533 /* Layouts */,
				C3C659041DDBCC1A00C7B533 /* GroupProjectTests */,
				C3C6590F1DDBCC1A00C7B533 /* GroupProjectUITests */,
				C3C658EB1DDBCC1A00C7B533 /* Products */,
				56748FDE634C7D4EEBE11336 /* Pods */,
				CB2AE6DDA4AA3F1E7D947E8C /* Frameworks */,
			);
			sourceTree = "<group>";
		};
		C3C658EB1DDBCC1A00C7B533 /* Products */ = {
			isa = PBXGroup;
			children = (
				C3C658EA1DDBCC1A00C7B533 /* GroupProject.app */,
				C3C659011DDBCC1A00C7B533 /* GroupProjectTests.xctest */,
				C3C6590C1DDBCC1A00C7B533 /* GroupProjectUITests.xctest */,
			);
			name = Products;
			sourceTree = "<group>";
		};
		C3C658EC1DDBCC1A00C7B533 /* Layouts */ = {
			isa = PBXGroup;
			children = (
				C3C658ED1DDBCC1A00C7B533 /* AppDelegate.swift */,
				C3C658F11DDBCC1A00C7B533 /* Main.storyboard */,
				569CBD721DE5F3CC00BE502B /* MarketViewPrototype.xib */,
				C3C658F71DDBCC1A00C7B533 /* Assets.xcassets */,
				C3C658F91DDBCC1A00C7B533 /* LaunchScreen.storyboard */,
				C3C658FC1DDBCC1A00C7B533 /* Info.plist */,
				C3C658F41DDBCC1A00C7B533 /* GroupProject.xcdatamodeld */,
				C3188B3A1DDE2FDC00F5479F /* GoogleService-Info.plist */,
			);
			name = Layouts;
			path = GroupProject;
			sourceTree = "<group>";
		};
		C3C659041DDBCC1A00C7B533 /* GroupProjectTests */ = {
			isa = PBXGroup;
			children = (
				C3C659051DDBCC1A00C7B533 /* GroupProjectTests.swift */,
				C3C659071DDBCC1A00C7B533 /* Info.plist */,
			);
			path = GroupProjectTests;
			sourceTree = "<group>";
		};
		C3C6590F1DDBCC1A00C7B533 /* GroupProjectUITests */ = {
			isa = PBXGroup;
			children = (
				C3C659101DDBCC1A00C7B533 /* GroupProjectUITests.swift */,
				C3C659121DDBCC1A00C7B533 /* Info.plist */,
			);
			path = GroupProjectUITests;
			sourceTree = "<group>";
		};
		C3C659211DDBCCBD00C7B533 /* Comment Views */ = {
			isa = PBXGroup;
			children = (
				B5FFF0F21DEC7A7D004716B8 /* CommentsView.swift */,
				56A0716A1DEE13A100318D35 /* CommentTableViewCell.swift */,
				563305691DEF5F6400E54561 /* AddCommentView.swift */,
			);
			name = "Comment Views";
			sourceTree = "<group>";
		};
		C3C659221DDBCCC800C7B533 /* Models */ = {
			isa = PBXGroup;
			children = (
				C315CBEC1DDE564500EA6D71 /* FirebaseAPI.swift */,
				C3C6593D1DDBCE7C00C7B533 /* Parser.swift */,
				C39323BA1DDF57BB009ECD23 /* MarketDataStore.swift */,
				B5D2DDA01DDF4D1C001F2CCE /* DateManager.swift */,
				B5D2DDA21DDFAF1A001F2CCE /* LocationManager.swift */,
				B5D2DDC51DE3729E001F2CCE /* MarketComment.swift */,
				C3FB68051DE5E17E00F0926C /* MarketAnnotation.swift */,
			);
			name = Models;
			sourceTree = "<group>";
		};
		C3C659231DDBCCD400C7B533 /* Controller */ = {
			isa = PBXGroup;
			children = (
				C3C659371DDBCE6700C7B533 /* LandingViewController.swift */,
				B5D2DDBF1DE35553001F2CCE /* LoginViewController.swift */,
				C3C659351DDBCE6700C7B533 /* MapViewController.swift */,
				C3C659361DDBCE6700C7B533 /* SearchViewController.swift */,
				B5D2DDC31DE35639001F2CCE /* MarketListViewController.swift */,
				C3C659341DDBCE6700C7B533 /* MarketInfoViewController.swift */,
				C35ADA241DECC760000442BB /* AddMarketViewController.swift */,
				567EFF651DF227B600525A3E /* AddCommentViewController.swift */,
				B5D2DDC11DE355E3001F2CCE /* CommentsViewController.swift */,
			);
			name = Controller;
			sourceTree = "<group>";
		};
		CB2AE6DDA4AA3F1E7D947E8C /* Frameworks */ = {
			isa = PBXGroup;
			children = (
				237476C277B2E78A7C4F1322 /* Pods_GroupProject.framework */,
				64E796F04915D3867E73E5AD /* Pods_GroupProjectTests.framework */,
				1A67DF18E84F0E896BFFCF60 /* Pods_GroupProjectUITests.framework */,
			);
			name = Frameworks;
			sourceTree = "<group>";
		};
/* End PBXGroup section */

/* Begin PBXNativeTarget section */
		C3C658E91DDBCC1A00C7B533 /* GroupProject */ = {
			isa = PBXNativeTarget;
			buildConfigurationList = C3C659151DDBCC1A00C7B533 /* Build configuration list for PBXNativeTarget "GroupProject" */;
			buildPhases = (
				4BC4C3C8C6395DD0E917B22E /* [CP] Check Pods Manifest.lock */,
				C3C658E61DDBCC1A00C7B533 /* Sources */,
				C3C658E71DDBCC1A00C7B533 /* Frameworks */,
				C3C658E81DDBCC1A00C7B533 /* Resources */,
				8B6E3ADBDD25030F21B90B47 /* [CP] Embed Pods Frameworks */,
				608E72EEDDD3DA8887087DD3 /* [CP] Copy Pods Resources */,
			);
			buildRules = (
			);
			dependencies = (
			);
			name = GroupProject;
			productName = GroupProject;
			productReference = C3C658EA1DDBCC1A00C7B533 /* GroupProject.app */;
			productType = "com.apple.product-type.application";
		};
		C3C659001DDBCC1A00C7B533 /* GroupProjectTests */ = {
			isa = PBXNativeTarget;
			buildConfigurationList = C3C659181DDBCC1A00C7B533 /* Build configuration list for PBXNativeTarget "GroupProjectTests" */;
			buildPhases = (
				FB243BD8AC377111127632CF /* [CP] Check Pods Manifest.lock */,
				C3C658FD1DDBCC1A00C7B533 /* Sources */,
				C3C658FE1DDBCC1A00C7B533 /* Frameworks */,
				C3C658FF1DDBCC1A00C7B533 /* Resources */,
				776218AEDA649773408FFFAC /* [CP] Embed Pods Frameworks */,
				537CFA91A52EDF6EC24AAB87 /* [CP] Copy Pods Resources */,
			);
			buildRules = (
			);
			dependencies = (
				C3C659031DDBCC1A00C7B533 /* PBXTargetDependency */,
			);
			name = GroupProjectTests;
			productName = GroupProjectTests;
			productReference = C3C659011DDBCC1A00C7B533 /* GroupProjectTests.xctest */;
			productType = "com.apple.product-type.bundle.unit-test";
		};
		C3C6590B1DDBCC1A00C7B533 /* GroupProjectUITests */ = {
			isa = PBXNativeTarget;
			buildConfigurationList = C3C6591B1DDBCC1A00C7B533 /* Build configuration list for PBXNativeTarget "GroupProjectUITests" */;
			buildPhases = (
				0001529385F252D7A2FCEE13 /* [CP] Check Pods Manifest.lock */,
				C3C659081DDBCC1A00C7B533 /* Sources */,
				C3C659091DDBCC1A00C7B533 /* Frameworks */,
				C3C6590A1DDBCC1A00C7B533 /* Resources */,
				FC511C07BE974B7BC4CB3EA8 /* [CP] Copy Pods Resources */,
			);
			buildRules = (
			);
			dependencies = (
				C3C6590E1DDBCC1A00C7B533 /* PBXTargetDependency */,
			);
			name = GroupProjectUITests;
			productName = GroupProjectUITests;
			productReference = C3C6590C1DDBCC1A00C7B533 /* GroupProjectUITests.xctest */;
			productType = "com.apple.product-type.bundle.ui-testing";
		};
/* End PBXNativeTarget section */

/* Begin PBXProject section */
		C3C658E21DDBCC1A00C7B533 /* Project object */ = {
			isa = PBXProject;
			attributes = {
				LastSwiftUpdateCheck = 0810;
				LastUpgradeCheck = 0810;
				ORGANIZATIONNAME = "Alexander Mason";
				TargetAttributes = {
					C3C658E91DDBCC1A00C7B533 = {
						CreatedOnToolsVersion = 8.1;
						DevelopmentTeam = 79TR88QV2P;
						ProvisioningStyle = Automatic;
					};
					C3C659001DDBCC1A00C7B533 = {
						CreatedOnToolsVersion = 8.1;
						DevelopmentTeam = 79TR88QV2P;
						ProvisioningStyle = Automatic;
						TestTargetID = C3C658E91DDBCC1A00C7B533;
					};
					C3C6590B1DDBCC1A00C7B533 = {
						CreatedOnToolsVersion = 8.1;
						DevelopmentTeam = 79TR88QV2P;
						ProvisioningStyle = Automatic;
						TestTargetID = C3C658E91DDBCC1A00C7B533;
					};
				};
			};
			buildConfigurationList = C3C658E51DDBCC1A00C7B533 /* Build configuration list for PBXProject "GroupProject" */;
			compatibilityVersion = "Xcode 3.2";
			developmentRegion = English;
			hasScannedForEncodings = 0;
			knownRegions = (
				en,
				Base,
			);
			mainGroup = C3C658E11DDBCC1A00C7B533;
			productRefGroup = C3C658EB1DDBCC1A00C7B533 /* Products */;
			projectDirPath = "";
			projectRoot = "";
			targets = (
				C3C658E91DDBCC1A00C7B533 /* GroupProject */,
				C3C659001DDBCC1A00C7B533 /* GroupProjectTests */,
				C3C6590B1DDBCC1A00C7B533 /* GroupProjectUITests */,
			);
		};
/* End PBXProject section */

/* Begin PBXResourcesBuildPhase section */
		C3C658E81DDBCC1A00C7B533 /* Resources */ = {
			isa = PBXResourcesBuildPhase;
			buildActionMask = 2147483647;
			files = (
				C3C658FB1DDBCC1A00C7B533 /* LaunchScreen.storyboard in Resources */,
				569CBD731DE5F3CC00BE502B /* MarketViewPrototype.xib in Resources */,
				C3188B3B1DDE2FDC00F5479F /* GoogleService-Info.plist in Resources */,
				B5D2DD9F1DDE45EE001F2CCE /* MarketInfo.csv in Resources */,
				C3C658F81DDBCC1A00C7B533 /* Assets.xcassets in Resources */,
				C3C658F31DDBCC1A00C7B533 /* Main.storyboard in Resources */,
			);
			runOnlyForDeploymentPostprocessing = 0;
		};
		C3C658FF1DDBCC1A00C7B533 /* Resources */ = {
			isa = PBXResourcesBuildPhase;
			buildActionMask = 2147483647;
			files = (
			);
			runOnlyForDeploymentPostprocessing = 0;
		};
		C3C6590A1DDBCC1A00C7B533 /* Resources */ = {
			isa = PBXResourcesBuildPhase;
			buildActionMask = 2147483647;
			files = (
			);
			runOnlyForDeploymentPostprocessing = 0;
		};
/* End PBXResourcesBuildPhase section */

/* Begin PBXShellScriptBuildPhase section */
		0001529385F252D7A2FCEE13 /* [CP] Check Pods Manifest.lock */ = {
			isa = PBXShellScriptBuildPhase;
			buildActionMask = 2147483647;
			files = (
			);
			inputPaths = (
			);
			name = "[CP] Check Pods Manifest.lock";
			outputPaths = (
			);
			runOnlyForDeploymentPostprocessing = 0;
			shellPath = /bin/sh;
			shellScript = "diff \"${PODS_ROOT}/../Podfile.lock\" \"${PODS_ROOT}/Manifest.lock\" > /dev/null\nif [[ $? != 0 ]] ; then\n    cat << EOM\nerror: The sandbox is not in sync with the Podfile.lock. Run 'pod install' or update your CocoaPods installation.\nEOM\n    exit 1\nfi\n";
			showEnvVarsInLog = 0;
		};
		4BC4C3C8C6395DD0E917B22E /* [CP] Check Pods Manifest.lock */ = {
			isa = PBXShellScriptBuildPhase;
			buildActionMask = 2147483647;
			files = (
			);
			inputPaths = (
			);
			name = "[CP] Check Pods Manifest.lock";
			outputPaths = (
			);
			runOnlyForDeploymentPostprocessing = 0;
			shellPath = /bin/sh;
			shellScript = "diff \"${PODS_ROOT}/../Podfile.lock\" \"${PODS_ROOT}/Manifest.lock\" > /dev/null\nif [[ $? != 0 ]] ; then\n    cat << EOM\nerror: The sandbox is not in sync with the Podfile.lock. Run 'pod install' or update your CocoaPods installation.\nEOM\n    exit 1\nfi\n";
			showEnvVarsInLog = 0;
		};
		537CFA91A52EDF6EC24AAB87 /* [CP] Copy Pods Resources */ = {
			isa = PBXShellScriptBuildPhase;
			buildActionMask = 2147483647;
			files = (
			);
			inputPaths = (
			);
			name = "[CP] Copy Pods Resources";
			outputPaths = (
			);
			runOnlyForDeploymentPostprocessing = 0;
			shellPath = /bin/sh;
			shellScript = "\"${SRCROOT}/Pods/Target Support Files/Pods-GroupProjectTests/Pods-GroupProjectTests-resources.sh\"\n";
			showEnvVarsInLog = 0;
		};
		608E72EEDDD3DA8887087DD3 /* [CP] Copy Pods Resources */ = {
			isa = PBXShellScriptBuildPhase;
			buildActionMask = 2147483647;
			files = (
			);
			inputPaths = (
			);
			name = "[CP] Copy Pods Resources";
			outputPaths = (
			);
			runOnlyForDeploymentPostprocessing = 0;
			shellPath = /bin/sh;
			shellScript = "\"${SRCROOT}/Pods/Target Support Files/Pods-GroupProject/Pods-GroupProject-resources.sh\"\n";
			showEnvVarsInLog = 0;
		};
		776218AEDA649773408FFFAC /* [CP] Embed Pods Frameworks */ = {
			isa = PBXShellScriptBuildPhase;
			buildActionMask = 2147483647;
			files = (
			);
			inputPaths = (
			);
			name = "[CP] Embed Pods Frameworks";
			outputPaths = (
			);
			runOnlyForDeploymentPostprocessing = 0;
			shellPath = /bin/sh;
			shellScript = "\"${SRCROOT}/Pods/Target Support Files/Pods-GroupProjectTests/Pods-GroupProjectTests-frameworks.sh\"\n";
			showEnvVarsInLog = 0;
		};
		8B6E3ADBDD25030F21B90B47 /* [CP] Embed Pods Frameworks */ = {
			isa = PBXShellScriptBuildPhase;
			buildActionMask = 2147483647;
			files = (
			);
			inputPaths = (
			);
			name = "[CP] Embed Pods Frameworks";
			outputPaths = (
			);
			runOnlyForDeploymentPostprocessing = 0;
			shellPath = /bin/sh;
			shellScript = "\"${SRCROOT}/Pods/Target Support Files/Pods-GroupProject/Pods-GroupProject-frameworks.sh\"\n";
			showEnvVarsInLog = 0;
		};
		FB243BD8AC377111127632CF /* [CP] Check Pods Manifest.lock */ = {
			isa = PBXShellScriptBuildPhase;
			buildActionMask = 2147483647;
			files = (
			);
			inputPaths = (
			);
			name = "[CP] Check Pods Manifest.lock";
			outputPaths = (
			);
			runOnlyForDeploymentPostprocessing = 0;
			shellPath = /bin/sh;
			shellScript = "diff \"${PODS_ROOT}/../Podfile.lock\" \"${PODS_ROOT}/Manifest.lock\" > /dev/null\nif [[ $? != 0 ]] ; then\n    cat << EOM\nerror: The sandbox is not in sync with the Podfile.lock. Run 'pod install' or update your CocoaPods installation.\nEOM\n    exit 1\nfi\n";
			showEnvVarsInLog = 0;
		};
		FC511C07BE974B7BC4CB3EA8 /* [CP] Copy Pods Resources */ = {
			isa = PBXShellScriptBuildPhase;
			buildActionMask = 2147483647;
			files = (
			);
			inputPaths = (
			);
			name = "[CP] Copy Pods Resources";
			outputPaths = (
			);
			runOnlyForDeploymentPostprocessing = 0;
			shellPath = /bin/sh;
			shellScript = "\"${SRCROOT}/Pods/Target Support Files/Pods-GroupProjectUITests/Pods-GroupProjectUITests-resources.sh\"\n";
			showEnvVarsInLog = 0;
		};
/* End PBXShellScriptBuildPhase section */

/* Begin PBXSourcesBuildPhase section */
		C3C658E61DDBCC1A00C7B533 /* Sources */ = {
			isa = PBXSourcesBuildPhase;
			buildActionMask = 2147483647;
			files = (
				C3FB68061DE5E17E00F0926C /* MarketAnnotation.swift in Sources */,
				B5F4297D1DF0706600C91084 /* InfoTableViewCell.swift in Sources */,
				C39323BB1DDF57BB009ECD23 /* MarketDataStore.swift in Sources */,
				569CBD791DE5F5A200BE502B /* MarketView.swift in Sources */,
				C315CBED1DDE564500EA6D71 /* FirebaseAPI.swift in Sources */,
				B5F429761DEF6A3A00C91084 /* InfoTableView.swift in Sources */,
				FD55AC741DEFC3580013C8D5 /* MarketInfoViewConstraints.swift in Sources */,
				B5F429811DF1BE0E00C91084 /* EditorBoxSubviews.swift in Sources */,
				B5167F691DEDD626005AB062 /* Constants.swift in Sources */,
				C3C6593A1DDBCE6700C7B533 /* SearchViewController.swift in Sources */,
				5633056A1DEF5F6400E54561 /* AddCommentView.swift in Sources */,
				B5D2DDA31DDFAF1A001F2CCE /* LocationManager.swift in Sources */,
				B5F429781DEF6A4A00C91084 /* EditorBox.swift in Sources */,
				C3C6593B1DDBCE6700C7B533 /* LandingViewController.swift in Sources */,
				C3C659381DDBCE6700C7B533 /* MarketInfoViewController.swift in Sources */,
				C3C659451DDBCE8300C7B533 /* SearchView.swift in Sources */,
				FD55AC761DEFC38A0013C8D5 /* MarketInfoViewSubviews.swift in Sources */,
				C3C6593F1DDBCE7C00C7B533 /* Parser.swift in Sources */,
				C35ADA231DECC522000442BB /* AddMarketView.swift in Sources */,
				B5D2DDED1DE39B3B001F2CCE /* UIClassExtensions.swift in Sources */,
				C3C659431DDBCE8300C7B533 /* LandingView.swift in Sources */,
				56A0716B1DEE13A100318D35 /* CommentTableViewCell.swift in Sources */,
				56BE38301DDE560100D5EA17 /* Market.xcdatamodeld in Sources */,
				C3F66D211DF08853004DFDF0 /* AddMarketDaysOfWeekView.swift in Sources */,
				C3C658F61DDBCC1A00C7B533 /* GroupProject.xcdatamodeld in Sources */,
				C3C659391DDBCE6700C7B533 /* MapViewController.swift in Sources */,
				C35ADA291DEE3330000442BB /* AddMarketPickerView.swift in Sources */,
				B5D2DDC01DE35553001F2CCE /* LoginViewController.swift in Sources */,
				B5F4297F1DF0A52A00C91084 /* EditorStore.swift in Sources */,
				B5D2DDA11DDF4D1C001F2CCE /* DateManager.swift in Sources */,
				B5D2DDEB1DE3943E001F2CCE /* LoginView.swift in Sources */,
				569CBD751DE5F41E00BE502B /* MarketTableCell.swift in Sources */,
				C37BA5D11DEF767400AB1DD2 /* AddMarketExtension.swift in Sources */,
				C3C659441DDBCE8300C7B533 /* MarketInfoView.swift in Sources */,
				C37BA5CF1DEF60FA00AB1DD2 /* AddMarketDatePicker.swift in Sources */,
				B5D2DDC41DE35639001F2CCE /* MarketListViewController.swift in Sources */,
				C35ADA251DECC760000442BB /* AddMarketViewController.swift in Sources */,
				C33604431DE357FF0062453A /* MapView.swift in Sources */,
				B5FFF0F31DEC7A7D004716B8 /* CommentsView.swift in Sources */,
				B5D2DDC61DE3729E001F2CCE /* MarketComment.swift in Sources */,
				B5D2DDC21DE355E3001F2CCE /* CommentsViewController.swift in Sources */,
				C3C658EE1DDBCC1A00C7B533 /* AppDelegate.swift in Sources */,
				567EFF661DF227B600525A3E /* AddCommentViewController.swift in Sources */,
			);
			runOnlyForDeploymentPostprocessing = 0;
		};
		C3C658FD1DDBCC1A00C7B533 /* Sources */ = {
			isa = PBXSourcesBuildPhase;
			buildActionMask = 2147483647;
			files = (
				C3C659061DDBCC1A00C7B533 /* GroupProjectTests.swift in Sources */,
			);
			runOnlyForDeploymentPostprocessing = 0;
		};
		C3C659081DDBCC1A00C7B533 /* Sources */ = {
			isa = PBXSourcesBuildPhase;
			buildActionMask = 2147483647;
			files = (
				C3C659111DDBCC1A00C7B533 /* GroupProjectUITests.swift in Sources */,
			);
			runOnlyForDeploymentPostprocessing = 0;
		};
/* End PBXSourcesBuildPhase section */

/* Begin PBXTargetDependency section */
		C3C659031DDBCC1A00C7B533 /* PBXTargetDependency */ = {
			isa = PBXTargetDependency;
			target = C3C658E91DDBCC1A00C7B533 /* GroupProject */;
			targetProxy = C3C659021DDBCC1A00C7B533 /* PBXContainerItemProxy */;
		};
		C3C6590E1DDBCC1A00C7B533 /* PBXTargetDependency */ = {
			isa = PBXTargetDependency;
			target = C3C658E91DDBCC1A00C7B533 /* GroupProject */;
			targetProxy = C3C6590D1DDBCC1A00C7B533 /* PBXContainerItemProxy */;
		};
/* End PBXTargetDependency section */

/* Begin PBXVariantGroup section */
		C3C658F11DDBCC1A00C7B533 /* Main.storyboard */ = {
			isa = PBXVariantGroup;
			children = (
				C3C658F21DDBCC1A00C7B533 /* Base */,
			);
			name = Main.storyboard;
			sourceTree = "<group>";
		};
		C3C658F91DDBCC1A00C7B533 /* LaunchScreen.storyboard */ = {
			isa = PBXVariantGroup;
			children = (
				C3C658FA1DDBCC1A00C7B533 /* Base */,
			);
			name = LaunchScreen.storyboard;
			sourceTree = "<group>";
		};
/* End PBXVariantGroup section */

/* Begin XCBuildConfiguration section */
		C3C659131DDBCC1A00C7B533 /* Debug */ = {
			isa = XCBuildConfiguration;
			buildSettings = {
				ALWAYS_SEARCH_USER_PATHS = NO;
				CLANG_ANALYZER_NONNULL = YES;
				CLANG_CXX_LANGUAGE_STANDARD = "gnu++0x";
				CLANG_CXX_LIBRARY = "libc++";
				CLANG_ENABLE_MODULES = YES;
				CLANG_ENABLE_OBJC_ARC = YES;
				CLANG_WARN_BOOL_CONVERSION = YES;
				CLANG_WARN_CONSTANT_CONVERSION = YES;
				CLANG_WARN_DIRECT_OBJC_ISA_USAGE = YES_ERROR;
				CLANG_WARN_DOCUMENTATION_COMMENTS = YES;
				CLANG_WARN_EMPTY_BODY = YES;
				CLANG_WARN_ENUM_CONVERSION = YES;
				CLANG_WARN_INFINITE_RECURSION = YES;
				CLANG_WARN_INT_CONVERSION = YES;
				CLANG_WARN_OBJC_ROOT_CLASS = YES_ERROR;
				CLANG_WARN_SUSPICIOUS_MOVES = YES;
				CLANG_WARN_UNREACHABLE_CODE = YES;
				CLANG_WARN__DUPLICATE_METHOD_MATCH = YES;
				"CODE_SIGN_IDENTITY[sdk=iphoneos*]" = "iPhone Developer";
				COPY_PHASE_STRIP = NO;
				DEBUG_INFORMATION_FORMAT = dwarf;
				ENABLE_STRICT_OBJC_MSGSEND = YES;
				ENABLE_TESTABILITY = YES;
				GCC_C_LANGUAGE_STANDARD = gnu99;
				GCC_DYNAMIC_NO_PIC = NO;
				GCC_NO_COMMON_BLOCKS = YES;
				GCC_OPTIMIZATION_LEVEL = 0;
				GCC_PREPROCESSOR_DEFINITIONS = (
					"DEBUG=1",
					"$(inherited)",
				);
				GCC_WARN_64_TO_32_BIT_CONVERSION = YES;
				GCC_WARN_ABOUT_RETURN_TYPE = YES_ERROR;
				GCC_WARN_UNDECLARED_SELECTOR = YES;
				GCC_WARN_UNINITIALIZED_AUTOS = YES_AGGRESSIVE;
				GCC_WARN_UNUSED_FUNCTION = YES;
				GCC_WARN_UNUSED_VARIABLE = YES;
				IPHONEOS_DEPLOYMENT_TARGET = 10.1;
				MTL_ENABLE_DEBUG_INFO = YES;
				ONLY_ACTIVE_ARCH = YES;
				SDKROOT = iphoneos;
				SWIFT_ACTIVE_COMPILATION_CONDITIONS = DEBUG;
				SWIFT_OPTIMIZATION_LEVEL = "-Onone";
				TARGETED_DEVICE_FAMILY = "1,2";
			};
			name = Debug;
		};
		C3C659141DDBCC1A00C7B533 /* Release */ = {
			isa = XCBuildConfiguration;
			buildSettings = {
				ALWAYS_SEARCH_USER_PATHS = NO;
				CLANG_ANALYZER_NONNULL = YES;
				CLANG_CXX_LANGUAGE_STANDARD = "gnu++0x";
				CLANG_CXX_LIBRARY = "libc++";
				CLANG_ENABLE_MODULES = YES;
				CLANG_ENABLE_OBJC_ARC = YES;
				CLANG_WARN_BOOL_CONVERSION = YES;
				CLANG_WARN_CONSTANT_CONVERSION = YES;
				CLANG_WARN_DIRECT_OBJC_ISA_USAGE = YES_ERROR;
				CLANG_WARN_DOCUMENTATION_COMMENTS = YES;
				CLANG_WARN_EMPTY_BODY = YES;
				CLANG_WARN_ENUM_CONVERSION = YES;
				CLANG_WARN_INFINITE_RECURSION = YES;
				CLANG_WARN_INT_CONVERSION = YES;
				CLANG_WARN_OBJC_ROOT_CLASS = YES_ERROR;
				CLANG_WARN_SUSPICIOUS_MOVES = YES;
				CLANG_WARN_UNREACHABLE_CODE = YES;
				CLANG_WARN__DUPLICATE_METHOD_MATCH = YES;
				"CODE_SIGN_IDENTITY[sdk=iphoneos*]" = "iPhone Developer";
				COPY_PHASE_STRIP = NO;
				DEBUG_INFORMATION_FORMAT = "dwarf-with-dsym";
				ENABLE_NS_ASSERTIONS = NO;
				ENABLE_STRICT_OBJC_MSGSEND = YES;
				GCC_C_LANGUAGE_STANDARD = gnu99;
				GCC_NO_COMMON_BLOCKS = YES;
				GCC_WARN_64_TO_32_BIT_CONVERSION = YES;
				GCC_WARN_ABOUT_RETURN_TYPE = YES_ERROR;
				GCC_WARN_UNDECLARED_SELECTOR = YES;
				GCC_WARN_UNINITIALIZED_AUTOS = YES_AGGRESSIVE;
				GCC_WARN_UNUSED_FUNCTION = YES;
				GCC_WARN_UNUSED_VARIABLE = YES;
				IPHONEOS_DEPLOYMENT_TARGET = 10.1;
				MTL_ENABLE_DEBUG_INFO = NO;
				SDKROOT = iphoneos;
				SWIFT_OPTIMIZATION_LEVEL = "-Owholemodule";
				TARGETED_DEVICE_FAMILY = "1,2";
				VALIDATE_PRODUCT = YES;
			};
			name = Release;
		};
		C3C659161DDBCC1A00C7B533 /* Debug */ = {
			isa = XCBuildConfiguration;
			baseConfigurationReference = E7301191369CDC6175227298 /* Pods-GroupProject.debug.xcconfig */;
			buildSettings = {
				ASSETCATALOG_COMPILER_APPICON_NAME = AppIcon;
				DEVELOPMENT_TEAM = 79TR88QV2P;
				INFOPLIST_FILE = GroupProject/Info.plist;
				LD_RUNPATH_SEARCH_PATHS = "$(inherited) @executable_path/Frameworks";
				PRODUCT_BUNDLE_IDENTIFIER = com.apmason.GroupProject;
				PRODUCT_NAME = "$(TARGET_NAME)";
				SWIFT_VERSION = 3.0;
			};
			name = Debug;
		};
		C3C659171DDBCC1A00C7B533 /* Release */ = {
			isa = XCBuildConfiguration;
			baseConfigurationReference = 9AA920360D82CF7B104239AA /* Pods-GroupProject.release.xcconfig */;
			buildSettings = {
				ASSETCATALOG_COMPILER_APPICON_NAME = AppIcon;
				DEVELOPMENT_TEAM = 79TR88QV2P;
				INFOPLIST_FILE = GroupProject/Info.plist;
				LD_RUNPATH_SEARCH_PATHS = "$(inherited) @executable_path/Frameworks";
				PRODUCT_BUNDLE_IDENTIFIER = com.apmason.GroupProject;
				PRODUCT_NAME = "$(TARGET_NAME)";
				SWIFT_VERSION = 3.0;
			};
			name = Release;
		};
		C3C659191DDBCC1A00C7B533 /* Debug */ = {
			isa = XCBuildConfiguration;
			baseConfigurationReference = 467396D901C55DBB36357A1F /* Pods-GroupProjectTests.debug.xcconfig */;
			buildSettings = {
				ALWAYS_EMBED_SWIFT_STANDARD_LIBRARIES = YES;
				BUNDLE_LOADER = "$(TEST_HOST)";
				DEVELOPMENT_TEAM = 79TR88QV2P;
				INFOPLIST_FILE = GroupProjectTests/Info.plist;
				LD_RUNPATH_SEARCH_PATHS = "$(inherited) @executable_path/Frameworks @loader_path/Frameworks";
				PRODUCT_BUNDLE_IDENTIFIER = com.apmason.GroupProjectTests;
				PRODUCT_NAME = "$(TARGET_NAME)";
				SWIFT_VERSION = 3.0;
				TEST_HOST = "$(BUILT_PRODUCTS_DIR)/GroupProject.app/GroupProject";
			};
			name = Debug;
		};
		C3C6591A1DDBCC1A00C7B533 /* Release */ = {
			isa = XCBuildConfiguration;
			baseConfigurationReference = C00C22163A0DAEAF7038196C /* Pods-GroupProjectTests.release.xcconfig */;
			buildSettings = {
				ALWAYS_EMBED_SWIFT_STANDARD_LIBRARIES = YES;
				BUNDLE_LOADER = "$(TEST_HOST)";
				DEVELOPMENT_TEAM = 79TR88QV2P;
				INFOPLIST_FILE = GroupProjectTests/Info.plist;
				LD_RUNPATH_SEARCH_PATHS = "$(inherited) @executable_path/Frameworks @loader_path/Frameworks";
				PRODUCT_BUNDLE_IDENTIFIER = com.apmason.GroupProjectTests;
				PRODUCT_NAME = "$(TARGET_NAME)";
				SWIFT_VERSION = 3.0;
				TEST_HOST = "$(BUILT_PRODUCTS_DIR)/GroupProject.app/GroupProject";
			};
			name = Release;
		};
		C3C6591C1DDBCC1A00C7B533 /* Debug */ = {
			isa = XCBuildConfiguration;
			baseConfigurationReference = 42E14FECD137F0044D1F924B /* Pods-GroupProjectUITests.debug.xcconfig */;
			buildSettings = {
				ALWAYS_EMBED_SWIFT_STANDARD_LIBRARIES = YES;
				DEVELOPMENT_TEAM = 79TR88QV2P;
				INFOPLIST_FILE = GroupProjectUITests/Info.plist;
				LD_RUNPATH_SEARCH_PATHS = "$(inherited) @executable_path/Frameworks @loader_path/Frameworks";
				PRODUCT_BUNDLE_IDENTIFIER = com.apmason.GroupProjectUITests;
				PRODUCT_NAME = "$(TARGET_NAME)";
				SWIFT_VERSION = 3.0;
				TEST_TARGET_NAME = GroupProject;
			};
			name = Debug;
		};
		C3C6591D1DDBCC1A00C7B533 /* Release */ = {
			isa = XCBuildConfiguration;
			baseConfigurationReference = CBEB0C8F32A47559618F9456 /* Pods-GroupProjectUITests.release.xcconfig */;
			buildSettings = {
				ALWAYS_EMBED_SWIFT_STANDARD_LIBRARIES = YES;
				DEVELOPMENT_TEAM = 79TR88QV2P;
				INFOPLIST_FILE = GroupProjectUITests/Info.plist;
				LD_RUNPATH_SEARCH_PATHS = "$(inherited) @executable_path/Frameworks @loader_path/Frameworks";
				PRODUCT_BUNDLE_IDENTIFIER = com.apmason.GroupProjectUITests;
				PRODUCT_NAME = "$(TARGET_NAME)";
				SWIFT_VERSION = 3.0;
				TEST_TARGET_NAME = GroupProject;
			};
			name = Release;
		};
/* End XCBuildConfiguration section */

/* Begin XCConfigurationList section */
		C3C658E51DDBCC1A00C7B533 /* Build configuration list for PBXProject "GroupProject" */ = {
			isa = XCConfigurationList;
			buildConfigurations = (
				C3C659131DDBCC1A00C7B533 /* Debug */,
				C3C659141DDBCC1A00C7B533 /* Release */,
			);
			defaultConfigurationIsVisible = 0;
			defaultConfigurationName = Release;
		};
		C3C659151DDBCC1A00C7B533 /* Build configuration list for PBXNativeTarget "GroupProject" */ = {
			isa = XCConfigurationList;
			buildConfigurations = (
				C3C659161DDBCC1A00C7B533 /* Debug */,
				C3C659171DDBCC1A00C7B533 /* Release */,
			);
			defaultConfigurationIsVisible = 0;
			defaultConfigurationName = Release;
		};
		C3C659181DDBCC1A00C7B533 /* Build configuration list for PBXNativeTarget "GroupProjectTests" */ = {
			isa = XCConfigurationList;
			buildConfigurations = (
				C3C659191DDBCC1A00C7B533 /* Debug */,
				C3C6591A1DDBCC1A00C7B533 /* Release */,
			);
			defaultConfigurationIsVisible = 0;
			defaultConfigurationName = Release;
		};
		C3C6591B1DDBCC1A00C7B533 /* Build configuration list for PBXNativeTarget "GroupProjectUITests" */ = {
			isa = XCConfigurationList;
			buildConfigurations = (
				C3C6591C1DDBCC1A00C7B533 /* Debug */,
				C3C6591D1DDBCC1A00C7B533 /* Release */,
			);
			defaultConfigurationIsVisible = 0;
			defaultConfigurationName = Release;
		};
/* End XCConfigurationList section */

/* Begin XCVersionGroup section */
		56BE382E1DDE560100D5EA17 /* Market.xcdatamodeld */ = {
			isa = XCVersionGroup;
			children = (
				56BE382F1DDE560100D5EA17 /* Market.xcdatamodel */,
			);
			currentVersion = 56BE382F1DDE560100D5EA17 /* Market.xcdatamodel */;
			path = Market.xcdatamodeld;
			sourceTree = "<group>";
			versionGroupType = wrapper.xcdatamodel;
		};
		C3C658F41DDBCC1A00C7B533 /* GroupProject.xcdatamodeld */ = {
			isa = XCVersionGroup;
			children = (
				C3C658F51DDBCC1A00C7B533 /* GroupProject.xcdatamodel */,
			);
			currentVersion = C3C658F51DDBCC1A00C7B533 /* GroupProject.xcdatamodel */;
			path = GroupProject.xcdatamodeld;
			sourceTree = "<group>";
			versionGroupType = wrapper.xcdatamodel;
		};
/* End XCVersionGroup section */
	};
	rootObject = C3C658E21DDBCC1A00C7B533 /* Project object */;
}
